{"SurveyEntry":{"SurveyID":"SV_4SzuMP26xlEkIBg","SurveyName":"Survey of Legal Questions in the Software Supply Chain","SurveyDescription":null,"SurveyOwnerID":"UR_da8bHobonYb4tbU","SurveyBrandID":"wmsas","DivisionID":null,"SurveyLanguage":"EN","SurveyActiveResponseSet":"RS_8CTP7Af7wHNxFe6","SurveyStatus":"Inactive","SurveyStartDate":"0000-00-00 00:00:00","SurveyExpirationDate":"0000-00-00 00:00:00","SurveyCreationDate":"2023-02-14 19:58:02","CreatorID":"UR_da8bHobonYb4tbU","LastModified":"2024-01-22 19:33:27","LastAccessed":"0000-00-00 00:00:00","LastActivated":"2023-03-13 11:37:37","Deleted":null},"SurveyElements":[{"SurveyID":"SV_4SzuMP26xlEkIBg","Element":"BL","PrimaryAttribute":"Survey Blocks","SecondaryAttribute":null,"TertiaryAttribute":null,"Payload":{"0":{"Type":"Default","Description":"Legal Stuff","ID":"BL_1NB3CArLkp6QoE6","BlockElements":[{"Type":"Question","QuestionID":"QID9"},{"Type":"Question","QuestionID":"QID1"},{"Type":"Question","QuestionID":"QID4"},{"Type":"Question","QuestionID":"QID28"},{"Type":"Question","QuestionID":"QID38"},{"Type":"Question","QuestionID":"QID8"},{"Type":"Question","QuestionID":"QID11"},{"Type":"Question","QuestionID":"QID12"}],"Options":{"BlockLocking":"false","RandomizeQuestions":"false","BlockVisibility":"Collapsed"}},"1":{"Type":"Trash","Description":"Trash \/ Unused Questions","ID":"BL_726kbjTzejdUc9E","BlockElements":[{"Type":"Question","QuestionID":"QID15"},{"Type":"Question","QuestionID":"QID16"},{"Type":"Question","QuestionID":"QID17"},{"Type":"Question","QuestionID":"QID18"},{"Type":"Question","QuestionID":"QID19"},{"Type":"Question","QuestionID":"QID20"},{"Type":"Question","QuestionID":"QID21"},{"Type":"Question","QuestionID":"QID22"},{"Type":"Question","QuestionID":"QID23"},{"Type":"Question","QuestionID":"QID5"},{"Type":"Question","QuestionID":"QID26"},{"Type":"Question","QuestionID":"QID27"},{"Type":"Question","QuestionID":"QID31"},{"Type":"Question","QuestionID":"QID7"},{"Type":"Question","QuestionID":"QID30"},{"Type":"Question","QuestionID":"QID36"},{"Type":"Question","QuestionID":"QID10"}],"Options":{"BlockLocking":"false","RandomizeQuestions":"false","BlockVisibility":"Expanded"}},"2":{"Type":"Standard","SubType":"","Description":"Consent","ID":"BL_0k3yzqlaHUjlm2q","BlockElements":[{"Type":"Question","QuestionID":"QID2"},{"Type":"Question","QuestionID":"QID3"}],"Options":{"BlockLocking":"false","RandomizeQuestions":"false","BlockVisibility":"Collapsed"}},"3":{"Type":"Standard","SubType":"","Description":"Definition of SBOM","ID":"BL_esXGqBGGJXmLSeO","BlockElements":[{"Type":"Question","QuestionID":"QID35"},{"Type":"Question","QuestionID":"QID34"},{"Type":"Question","QuestionID":"QID6"},{"Type":"Question","QuestionID":"QID29"},{"Type":"Question","QuestionID":"QID13"}],"Options":{"BlockLocking":"false","RandomizeQuestions":"false","BlockVisibility":"Collapsed"}},"4":{"Type":"Standard","SubType":"","Description":"Demographics","ID":"BL_4V25A7M7z4J4PJk","Options":{"BlockLocking":"false","RandomizeQuestions":"false","BlockVisibility":"Expanded"},"BlockElements":[{"Type":"Question","QuestionID":"QID14"},{"Type":"Question","QuestionID":"QID24"},{"Type":"Question","QuestionID":"QID25"},{"Type":"Question","QuestionID":"QID39"}]},"7":{"Type":"Standard","SubType":"","Description":"AI Questions","ID":"BL_85QxzaGNY6bOGb4","BlockElements":[{"Type":"Question","QuestionID":"QID37"},{"Type":"Question","QuestionID":"QID32"},{"Type":"Question","QuestionID":"QID33"}],"Options":{"BlockLocking":"false","RandomizeQuestions":"false","BlockVisibility":"Collapsed"}}}},{"SurveyID":"SV_4SzuMP26xlEkIBg","Element":"FL","PrimaryAttribute":"Survey Flow","SecondaryAttribute":null,"TertiaryAttribute":null,"Payload":{"Type":"Root","FlowID":"FL_1","Flow":[{"Type":"Standard","ID":"BL_0k3yzqlaHUjlm2q","FlowID":"FL_3","Autofill":[]},{"Type":"Standard","ID":"BL_esXGqBGGJXmLSeO","FlowID":"FL_4","Autofill":[]},{"Type":"Block","ID":"BL_1NB3CArLkp6QoE6","FlowID":"FL_2","Autofill":[]},{"Type":"Standard","ID":"BL_85QxzaGNY6bOGb4","FlowID":"FL_8","Autofill":[]},{"Type":"Standard","ID":"BL_4V25A7M7z4J4PJk","FlowID":"FL_5","Autofill":[]}],"Properties":{"Count":8,"RemovedFieldsets":[]}}},{"SurveyID":"SV_4SzuMP26xlEkIBg","Element":"NT","PrimaryAttribute":"NT_2oduVGlXC3lgD54","SecondaryAttribute":null,"TertiaryAttribute":null,"Payload":{"Notes":[{"Message":"Change the type of question to yes\/no or rephrase the question if we want them to give us more information.","ID":"NO_390MBtYulhUIxPE","UserID":"UR_bxT58vvAinHruRf","Timestamp":1678471874,"Removed":false}],"UserStatuses":{"UR_bxT58vvAinHruRf":"Expanded"},"ParentID":"QID33","ID":"NT_2oduVGlXC3lgD54"}},{"SurveyID":"SV_4SzuMP26xlEkIBg","Element":"NT","PrimaryAttribute":"NT_6WOGXgFKOdf8e22","SecondaryAttribute":null,"TertiaryAttribute":null,"Payload":{"Notes":[{"Message":"I guess we are assuming that if the person doesn't know about this case, then they would just say: \"I don't know\" in the worst-case. Or do we want to add a prior question that asks about their knowledge about the case?","ID":"NO_4UulmzUtRnchFLE","UserID":"UR_bxT58vvAinHruRf","Timestamp":1678472575,"Removed":false},{"Message":"What you are suggesting is what we had before.  Laura reworded the question to provide enough context that a legal expert would be able to weigh in.  We could potential link to the litigation, but I don't think we should do more than that","ID":"NO_e9EyGO3I8IFLvKe","UserID":"UR_da8bHobonYb4tbU","Timestamp":1678488432,"Removed":false},{"Message":"Updated with more descriptions of what Copilot is and what the lawsuit entails","ID":"NO_09ekxaNNyK0ABr8","UserID":"UR_ex1hW6CZy7Lqjvo","Timestamp":1678726215,"Removed":false}],"UserStatuses":{"UR_bxT58vvAinHruRf":"Expanded","UR_da8bHobonYb4tbU":"Expanded","UR_ex1hW6CZy7Lqjvo":"Expanded"},"ParentID":"QID32","ID":"NT_6WOGXgFKOdf8e22"}},{"SurveyID":"SV_4SzuMP26xlEkIBg","Element":"NT","PrimaryAttribute":"NT_6i2Ng1A5IR3H5TE","SecondaryAttribute":null,"TertiaryAttribute":null,"Payload":{"Notes":[{"Message":"Is this a yes\/no question, or do we want more information from the respondent than just yes\/no? If the latter, we need to rephrase the question","ID":"NO_37SNlOZhX3ewKs6","UserID":"UR_bxT58vvAinHruRf","Timestamp":1678471485,"Removed":false},{"Message":"Maybe we add: please elaborate on your response?","ID":"NO_79xtYNxla4etVc2","UserID":"UR_bxT58vvAinHruRf","Timestamp":1678472495,"Removed":false}],"UserStatuses":{"UR_bxT58vvAinHruRf":"Expanded"},"ParentID":"QID8","ID":"NT_6i2Ng1A5IR3H5TE"}},{"SurveyID":"SV_4SzuMP26xlEkIBg","Element":"NT","PrimaryAttribute":"NT_6kSIdUnrEyUIZJc","SecondaryAttribute":null,"TertiaryAttribute":null,"Payload":{"Notes":[{"Message":"should be make it \"legal disputes\"?","ID":"NO_4TsVnNpdEupskiG","UserID":"UR_bxT58vvAinHruRf","Timestamp":1678472409,"Removed":true},{"Message":"should we make it \"legal disputes\"?","ID":"NO_5d7pHH5kgB2KGiO","UserID":"UR_bxT58vvAinHruRf","Timestamp":1678472427,"Removed":false},{"Message":"I think we can leave it as disputes.  I think the legal is implied. Plus Laura was very particular with how we used that phrasing elsewhere.  This is a question she personally reworded","ID":"NO_7WbURB7mR7G7PQq","UserID":"UR_da8bHobonYb4tbU","Timestamp":1678488297,"Removed":false}],"UserStatuses":{"UR_bxT58vvAinHruRf":"Expanded","UR_da8bHobonYb4tbU":"Expanded"},"ParentID":"QID1","ID":"NT_6kSIdUnrEyUIZJc"}},{"SurveyID":"SV_4SzuMP26xlEkIBg","Element":"NT","PrimaryAttribute":"NT_9NyYI6IkPkt4zQO","SecondaryAttribute":null,"TertiaryAttribute":null,"Payload":{"Notes":[{"Message":"I list some general TODOs below:","ID":"NO_bgEEc21n3bTKZLg","UserID":"UR_bxT58vvAinHruRf","Timestamp":1678471531,"Removed":false},{"Message":"1.\tMake all the open-ended questions to be multi-line or essay responses and the text boxes should appear larger (like in the other surveys)","ID":"NO_9HaBDmaBB3x4fjw","UserID":"UR_bxT58vvAinHruRf","Timestamp":1678471545,"Removed":false},{"Message":"Add mandatory validation for all the questions when appropriate","ID":"NO_cCsYprF1eQlmtYG","UserID":"UR_bxT58vvAinHruRf","Timestamp":1678471554,"Removed":true},{"Message":"2.\tAdd mandatory validation for all the questions when appropriate","ID":"NO_eIJOs8zTqazvfgO","UserID":"UR_bxT58vvAinHruRf","Timestamp":1678471562,"Removed":false},{"Message":"3. Tweak the consent for legal practitioners","ID":"NO_0P2TQFzQ7f8Kl4a","UserID":"UR_bxT58vvAinHruRf","Timestamp":1678472351,"Removed":false},{"Message":"All of the above have been implemented.","ID":"NO_8va5BNPcvk3sp5s","UserID":"UR_ex1hW6CZy7Lqjvo","Timestamp":1678729030,"Removed":false}],"UserStatuses":{"UR_bxT58vvAinHruRf":"Expanded","UR_ex1hW6CZy7Lqjvo":"Expanded"},"ParentID":"QID3","ID":"NT_9NyYI6IkPkt4zQO"}},{"SurveyID":"SV_4SzuMP26xlEkIBg","Element":"NT","PrimaryAttribute":"NT_cIIRKPAQI8bReFo","SecondaryAttribute":null,"TertiaryAttribute":null,"Payload":{"Notes":[{"Message":"Laura flagged this question as unclear.  Do we want to remove it or try to reword it?  \n\nThe basic idea was that some projects may not want to include components that were created wholly or in part by an AI system.  The reasons could be security related (we know that tools like co-pilot can introduce security bugs) or philosophical (maybe like specifying where or how a different consumer good was produced).  So should a tag denoting the use of AI code generation be included in SBOM?","ID":"NO_cZkSIF54oCvo0jY","UserID":"UR_da8bHobonYb4tbU","Timestamp":1678389334,"Removed":false},{"Message":"Specifically she said that she wasn't aware of any legal reasons, so maybe that's the wrong terminology","ID":"NO_bEqPbLJcXGEkRxk","UserID":"UR_da8bHobonYb4tbU","Timestamp":1678389765,"Removed":false}],"UserStatuses":{"UR_da8bHobonYb4tbU":"Expanded"},"ParentID":"QID10","ID":"NT_cIIRKPAQI8bReFo"}},{"SurveyID":"SV_4SzuMP26xlEkIBg","Element":"PL","PrimaryAttribute":"Preview Link","SecondaryAttribute":null,"TertiaryAttribute":null,"Payload":{"PreviewType":"Brand","PreviewID":"6925ff4d-1919-4673-b36c-573bf862eae1"}},{"SurveyID":"SV_4SzuMP26xlEkIBg","Element":"SO","PrimaryAttribute":"Survey Options","SecondaryAttribute":null,"TertiaryAttribute":null,"Payload":{"BackButton":"true","SaveAndContinue":"true","SurveyProtection":"PublicSurvey","BallotBoxStuffingPrevention":"false","NoIndex":"Yes","SecureResponseFiles":"true","SurveyExpiration":"None","SurveyTermination":"DefaultMessage","Header":"","Footer":"","ProgressBarDisplay":"NoText","PartialData":"+1 year","ValidationMessage":null,"PreviousButton":" \u2190 ","NextButton":" \u2192 ","SurveyTitle":"Qualtrics Survey | Qualtrics Experience Management","SkinLibrary":"wmsas","SkinType":"MQ","Skin":"wmsas2","NewScoring":1,"SurveyMetaDescription":"The most powerful, simple and trusted way to gather experience data. Start your journey to experience management and try a free account today.","EOSMessage":null,"ShowExportTags":"false","CollectGeoLocation":"false","PasswordProtection":"No","AnonymizeResponse":"No","RefererCheck":"No","UseCustomSurveyLinkCompletedMessage":null,"SurveyLinkCompletedMessage":null,"SurveyLinkCompletedMessageLibrary":null,"ResponseSummary":"No","EOSMessageLibrary":null,"EOSRedirectURL":null,"EmailThankYou":"false","ThankYouEmailMessageLibrary":null,"ThankYouEmailMessage":null,"ValidateMessage":"false","ValidationMessageLibrary":null,"InactiveSurvey":"DefaultMessage","PartialDeletion":null,"PartialDataCloseAfter":"LastActivity","InactiveMessageLibrary":null,"InactiveMessage":null,"AvailableLanguages":{"EN":[]},"ProtectSelectionIds":true}},{"SurveyID":"SV_4SzuMP26xlEkIBg","Element":"SCO","PrimaryAttribute":"Scoring","SecondaryAttribute":null,"TertiaryAttribute":null,"Payload":{"ScoringCategories":[],"ScoringCategoryGroups":[],"ScoringSummaryCategory":null,"ScoringSummaryAfterQuestions":0,"ScoringSummaryAfterSurvey":0,"DefaultScoringCategory":null,"AutoScoringCategory":null}},{"SurveyID":"SV_4SzuMP26xlEkIBg","Element":"PROJ","PrimaryAttribute":"CORE","SecondaryAttribute":null,"TertiaryAttribute":"1.1.0","Payload":{"ProjectCategory":"CORE","SchemaVersion":"1.1.0"}},{"SurveyID":"SV_4SzuMP26xlEkIBg","Element":"STAT","PrimaryAttribute":"Survey Statistics","SecondaryAttribute":null,"TertiaryAttribute":null,"Payload":{"MobileCompatible":true,"ID":"Survey Statistics"}},{"SurveyID":"SV_4SzuMP26xlEkIBg","Element":"QC","PrimaryAttribute":"Survey Question Count","SecondaryAttribute":"39","TertiaryAttribute":null,"Payload":null},{"SurveyID":"SV_4SzuMP26xlEkIBg","Element":"SQ","PrimaryAttribute":"QID12","SecondaryAttribute":"An SBOM could reveal a vulnerability or security issue in a software component. To what extent ar...","TertiaryAttribute":null,"Payload":{"QuestionText":"An SBOM could reveal a vulnerability or security issue in a software component. <br><br>To what extent are organizations legally obligated to disclose any vulnerabilities or security issues they discover as a result of creating an SBOM to their customers, partners, or the public?","DefaultChoices":false,"DataExportTag":"L8","QuestionType":"TE","Selector":"ML","Configuration":{"QuestionDescriptionOption":"UseText","InputWidth":680,"InputHeight":170},"QuestionDescription":"An SBOM could reveal a vulnerability or security issue in a software component. To what extent ar...","Validation":{"Settings":{"ForceResponse":"ON","ForceResponseType":"ON","Type":"None"}},"GradingData":[],"Language":[],"NextChoiceId":4,"NextAnswerId":1,"SearchSource":{"AllowFreeResponse":"false"},"QuestionID":"QID12","DataVisibility":{"Private":false,"Hidden":false}}},{"SurveyID":"SV_4SzuMP26xlEkIBg","Element":"SQ","PrimaryAttribute":"QID27","SecondaryAttribute":"Are you aware of any current or pending cases involving the software supply chain?","TertiaryAttribute":null,"Payload":{"QuestionText":"Are you aware of any current or pending cases involving the software supply chain?","DefaultChoices":false,"DataExportTag":"Q27","QuestionID":"QID27","QuestionType":"MC","Selector":"SAVR","SubSelector":"TX","Configuration":{"QuestionDescriptionOption":"UseText"},"QuestionDescription":"Are you aware of any current or pending cases involving the software supply chain?","Choices":{"1":{"Display":"Yes (please explain)","TextEntry":"true","TextEntryForceResponse":true},"2":{"Display":"No"}},"ChoiceOrder":[1,2],"Validation":{"Settings":{"ForceResponse":"OFF","Type":"None"}},"GradingData":[],"Language":[],"NextChoiceId":3,"NextAnswerId":1,"DataVisibility":{"Private":false,"Hidden":false}}},{"SurveyID":"SV_4SzuMP26xlEkIBg","Element":"SQ","PrimaryAttribute":"QID1","SecondaryAttribute":"Are you aware of any disputes relating to an organization's creation or use of SBOMs?","TertiaryAttribute":null,"Payload":{"QuestionText":"Are you aware of any disputes relating to an organization's creation or use of SBOMs?","DataExportTag":"L2","QuestionType":"MC","Selector":"SAVR","SubSelector":"TX","Configuration":{"QuestionDescriptionOption":"UseText"},"QuestionDescription":"Are you aware of any disputes relating to an organization's creation or use of SBOMs?","Choices":{"1":{"Display":"Yes (please explain)","TextEntry":"true","TextEntryForceResponse":true},"2":{"Display":"No"}},"ChoiceOrder":[1,2],"Validation":{"Settings":{"ForceResponse":"ON","ForceResponseType":"ON","Type":"None"}},"Language":[],"NextChoiceId":3,"NextAnswerId":1,"QuestionID":"QID1","DataVisibility":{"Private":false,"Hidden":false}}},{"SurveyID":"SV_4SzuMP26xlEkIBg","Element":"SQ","PrimaryAttribute":"QID13","SecondaryAttribute":"Are you aware of any specific requirements that organizations must meet when creating SBOMs for s...","TertiaryAttribute":null,"Payload":{"QuestionText":"Are you aware of any specific requirements that organizations must meet when creating SBOMs for software products that will be used in highly regulated industries, such as healthcare, finance, or defense? If so, please describe those requirements.","DefaultChoices":false,"DataExportTag":"D4","QuestionType":"TE","Selector":"ML","Configuration":{"QuestionDescriptionOption":"UseText","InputWidth":674,"InputHeight":209},"QuestionDescription":"Are you aware of any specific requirements that organizations must meet when creating SBOMs for s...","Validation":{"Settings":{"ForceResponse":"ON","ForceResponseType":"ON","Type":"None"}},"GradingData":[],"Language":[],"NextChoiceId":4,"NextAnswerId":1,"SearchSource":{"AllowFreeResponse":"false"},"QuestionID":"QID13","DataVisibility":{"Private":false,"Hidden":false}}},{"SurveyID":"SV_4SzuMP26xlEkIBg","Element":"SQ","PrimaryAttribute":"QID36","SecondaryAttribute":"Are you aware of the litigation surrounding GitHub's Copilot program?","TertiaryAttribute":null,"Payload":{"QuestionText":"Are you aware of the litigation surrounding GitHub's Copilot program?<br>","DataExportTag":"Q36","QuestionType":"MC","Selector":"SAVR","SubSelector":"TX","Configuration":{"QuestionDescriptionOption":"UseText"},"QuestionDescription":"Are you aware of the litigation surrounding GitHub's Copilot program?","Choices":{"1":{"Display":"Yes"},"2":{"Display":"No"}},"ChoiceOrder":["1","2"],"Validation":{"Settings":{"ForceResponse":"OFF","Type":"None"}},"Language":[],"NextChoiceId":4,"NextAnswerId":1,"QuestionID":"QID36","DataVisibility":{"Private":false,"Hidden":false}}},{"SurveyID":"SV_4SzuMP26xlEkIBg","Element":"SQ","PrimaryAttribute":"QID35","SecondaryAttribute":"Are you familiar with the concept of Software Bills of Materials (SBOMs)?","TertiaryAttribute":null,"Payload":{"QuestionText":"Are you familiar with the concept of Software Bills of Materials (SBOMs)?<br>","DataExportTag":"D1","QuestionType":"MC","Selector":"SAVR","SubSelector":"TX","Configuration":{"QuestionDescriptionOption":"UseText"},"QuestionDescription":"Are you familiar with the concept of Software Bills of Materials (SBOMs)?","Choices":{"1":{"Display":"Yes"},"2":{"Display":"No"}},"ChoiceOrder":["1","2"],"Validation":{"Settings":{"ForceResponse":"ON","ForceResponseType":"ON","Type":"None"}},"Language":[],"NextChoiceId":4,"NextAnswerId":1,"QuestionID":"QID35","DefaultChoices":false,"GradingData":[],"DataVisibility":{"Private":false,"Hidden":false}}},{"SurveyID":"SV_4SzuMP26xlEkIBg","Element":"SQ","PrimaryAttribute":"QID7","SecondaryAttribute":"Can SBOMs be used as part of or in the negotiation of contracts?","TertiaryAttribute":null,"Payload":{"QuestionText":"Can SBOMs be used as part of or in the negotiation of contracts?","DefaultChoices":false,"DataExportTag":"Q7","QuestionID":"QID7","QuestionType":"MC","Selector":"SAVR","SubSelector":"TX","DataVisibility":{"Private":false,"Hidden":false},"Configuration":{"QuestionDescriptionOption":"UseText","Autoscale":{"YScale":{"Name":"yesNo","Type":"likert","Reverse":true}}},"QuestionDescription":"Can SBOMs be used as part of or in the negotiation of contracts?","Choices":{"4":{"Display":"Yes"},"5":{"Display":"Maybe"},"6":{"Display":"No"}},"ChoiceOrder":["4","5","6"],"Validation":{"Settings":{"ForceResponse":"OFF","Type":"None"}},"GradingData":[],"Language":[],"NextChoiceId":7,"NextAnswerId":1}},{"SurveyID":"SV_4SzuMP26xlEkIBg","Element":"RS","PrimaryAttribute":"RS_8CTP7Af7wHNxFe6","SecondaryAttribute":"Default Response Set","TertiaryAttribute":null,"Payload":null},{"SurveyID":"SV_4SzuMP26xlEkIBg","Element":"SQ","PrimaryAttribute":"QID33","SecondaryAttribute":"Do you anticipate DataBOMs being used with other large AI projects, like ChatGPT, that are traine...","TertiaryAttribute":null,"Payload":{"QuestionText":"Do you anticipate DataBOMs being used with other large AI projects, like ChatGPT, that are trained on large corpora from the Internet?","DefaultChoices":false,"DataExportTag":"AI3","QuestionID":"QID33","QuestionType":"MC","Selector":"SAVR","SubSelector":"TX","DataVisibility":{"Private":false,"Hidden":false},"Configuration":{"QuestionDescriptionOption":"UseText"},"QuestionDescription":"Do you anticipate DataBOMs being used with other large AI projects, like ChatGPT, that are traine...","Choices":{"4":{"Display":"Yes"},"5":{"Display":"No"},"7":{"Display":"I don't know"}},"ChoiceOrder":["4","5","7"],"Validation":{"Settings":{"ForceResponse":"OFF","Type":"None"}},"GradingData":[],"Language":[],"NextChoiceId":8,"NextAnswerId":1,"AnalyzeChoices":{"7":"No"}}},{"SurveyID":"SV_4SzuMP26xlEkIBg","Element":"SQ","PrimaryAttribute":"QID21","SecondaryAttribute":"Do you have a background in computer security? Formal (college classes, degree, certification) or...","TertiaryAttribute":null,"Payload":{"ChoiceOrder":[1,2,3],"Choices":{"1":{"Display":"Yes, formal"},"2":{"Display":"Yes, informal"},"3":{"Display":"No"}},"Configuration":{"QuestionDescriptionOption":"UseText"},"DataExportTag":"Q8","DataVisibility":{"Hidden":false,"Private":false},"DefaultChoices":false,"GradingData":[],"Language":[],"NextAnswerId":1,"NextChoiceId":4,"QuestionDescription":"Do you have a background in computer security? Formal (college classes, degree, certification) or...","QuestionID":"QID21","QuestionText":"Do you have a background in computer security?  Formal (college classes, degree, certification) or informal (self-learning or other training)?","QuestionText_Unsafe":"Do you have a background in computer security?  Formal (college classes, degree, certification) or informal (self-learning or other training)?","QuestionType":"MC","Selector":"SAVR","SubSelector":"TX","Validation":{"Settings":{"ForceResponse":"ON","ForceResponseType":"ON","Type":"None"}}}},{"SurveyID":"SV_4SzuMP26xlEkIBg","Element":"SQ","PrimaryAttribute":"QID22","SecondaryAttribute":"Do you have a background in software licensing? Formal (college classes, degree, certification) o...","TertiaryAttribute":null,"Payload":{"ChoiceOrder":[1,2,3],"Choices":{"1":{"Display":"Yes, formal"},"2":{"Display":"Yes, informal"},"3":{"Display":"No"}},"Configuration":{"QuestionDescriptionOption":"UseText"},"DataExportTag":"Q9","DataVisibility":{"Hidden":false,"Private":false},"DefaultChoices":false,"GradingData":[],"Language":[],"NextAnswerId":1,"NextChoiceId":4,"QuestionDescription":"Do you have a background in software licensing? Formal (college classes, degree, certification) o...","QuestionID":"QID22","QuestionText":"Do you have a background in software licensing?  Formal (college classes, degree, certification) or informal (self-learning or other training)?","QuestionText_Unsafe":"Do you have a background in software licensing?  Formal (college classes, degree, certification) or informal (self-learning or other training)?","QuestionType":"MC","Selector":"SAVR","SubSelector":"TX","Validation":{"Settings":{"ForceResponse":"ON","ForceResponseType":"ON","Type":"None"}}}},{"SurveyID":"SV_4SzuMP26xlEkIBg","Element":"SQ","PrimaryAttribute":"QID20","SecondaryAttribute":"Do you primarily work on open source or closed source projects?","TertiaryAttribute":null,"Payload":{"ChoiceOrder":[1,2,3],"Choices":{"1":{"Display":"Open source only"},"2":{"Display":"Closed source only"},"3":{"Display":"Both open source and closed source"}},"Configuration":{"QuestionDescriptionOption":"UseText"},"DataExportTag":"Q6","DataVisibility":{"Hidden":false,"Private":false},"DefaultChoices":false,"GradingData":[],"Language":[],"NextAnswerId":1,"NextChoiceId":4,"QuestionDescription":"Do you primarily work on open source or closed source projects?","QuestionID":"QID20","QuestionText":"Do you primarily work on open source or closed source projects?","QuestionText_Unsafe":"Do you primarily work on open source or closed source projects?","QuestionType":"MC","Selector":"SAVR","SubSelector":"TX","Validation":{"Settings":{"ForceResponse":"ON","ForceResponseType":"ON","Type":"None"}}}},{"SurveyID":"SV_4SzuMP26xlEkIBg","Element":"SQ","PrimaryAttribute":"QID10","SecondaryAttribute":"For legal reasons, should a field be included in SBOMs to denote whether or not machine generated...","TertiaryAttribute":null,"Payload":{"QuestionText":"For legal reasons, should a field be included in SBOMs to denote whether or not machine generated \/ AI generated code was used in the making of a software product?","DefaultChoices":false,"DataExportTag":"AI1","QuestionType":"TE","Selector":"SL","Configuration":{"QuestionDescriptionOption":"UseText"},"QuestionDescription":"For legal reasons, should a field be included in SBOMs to denote whether or not machine generated...","Validation":{"Settings":{"ForceResponse":"OFF","Type":"None"}},"GradingData":[],"Language":[],"NextChoiceId":4,"NextAnswerId":1,"SearchSource":{"AllowFreeResponse":"false"},"QuestionID":"QID10","DataVisibility":{"Private":false,"Hidden":false}}},{"SurveyID":"SV_4SzuMP26xlEkIBg","Element":"SQ","PrimaryAttribute":"QID19","SecondaryAttribute":"For which domains (e.g., banking or healthcare) have you developed applications \/ systems?","TertiaryAttribute":null,"Payload":{"Configuration":{"QuestionDescriptionOption":"UseText"},"DataExportTag":"Q7","DataVisibility":{"Hidden":false,"Private":false},"DefaultChoices":false,"GradingData":[],"Language":[],"NextAnswerId":1,"NextChoiceId":4,"QuestionDescription":"For which domains (e.g., banking or healthcare) have you developed applications \/ systems?","QuestionID":"QID19","QuestionText":"For which domains (e.g., banking or healthcare) have you developed applications \/ systems?","QuestionText_Unsafe":"For which domains (e.g., banking or healthcare) have you developed applications \/ systems?","QuestionType":"TE","SearchSource":{"AllowFreeResponse":"false"},"Selector":"SL","Validation":{"Settings":{"ForceResponse":"ON","ForceResponseType":"ON","Type":"None"}}}},{"SurveyID":"SV_4SzuMP26xlEkIBg","Element":"SQ","PrimaryAttribute":"QID32","SecondaryAttribute":"GitHub Copilot is a service described as an \"AI pair programmer.\" Copilot can quickly generate co...","TertiaryAttribute":null,"Payload":{"QuestionText":"<a href=\"https:\/\/github.com\/features\/copilot\">GitHub Copilot<\/a> is a service described as an \"AI pair programmer.\" Copilot can quickly generate code based on prompts from human programmers. To accomplish this, the AI system learned to generate code through training on open-source code from the Internet, including material hosted in public GitHub code repositories. In late 2022, a class action lawsuit was filed against GitHub, Microsoft (GitHub's owner), and OpenAI (the company behind the AI model which powers GitHub Copilot).<br>\n<br>\nThe plaintiffs in the GitHub Copilot litigation claim, among other things, that by training their systems on public GitHub repositories, the defendants have violated the attribution requirements of certain open-source licenses which apply to the code on which the AI model was trained.<br>\n<br>\nIn your opinion, would the use of complete and detailed DataBOMs be sufficient to cover the attribution requirements of open source software licenses?","DefaultChoices":false,"DataExportTag":"AI2","QuestionType":"TE","Selector":"ML","Configuration":{"QuestionDescriptionOption":"UseText","InputWidth":680,"InputHeight":166},"QuestionDescription":"GitHub Copilot is a service described as an \"AI pair programmer.\" Copilot can quickly generate co...","Validation":{"Settings":{"ForceResponse":"ON","ForceResponseType":"ON","Type":"None"}},"GradingData":[],"Language":[],"NextChoiceId":4,"NextAnswerId":1,"SearchSource":{"AllowFreeResponse":"false"},"QuestionID":"QID32","DataVisibility":{"Private":false,"Hidden":false}}},{"SurveyID":"SV_4SzuMP26xlEkIBg","Element":"SQ","PrimaryAttribute":"QID26","SecondaryAttribute":"How does the legal definition of SBOM vary across countries or regions?","TertiaryAttribute":null,"Payload":{"QuestionText":"How does the legal definition of SBOM vary across countries or regions?<br>","DefaultChoices":false,"DataExportTag":"Q26","QuestionType":"TE","Selector":"SL","Configuration":{"QuestionDescriptionOption":"UseText"},"QuestionDescription":"How does the legal definition of SBOM vary across countries or regions?","Validation":{"Settings":{"ForceResponse":"OFF","Type":"None"}},"GradingData":[],"Language":[],"NextChoiceId":4,"NextAnswerId":1,"SearchSource":{"AllowFreeResponse":"false"},"QuestionID":"QID26","DataVisibility":{"Private":false,"Hidden":false},"DisplayLogic":{"0":{"0":{"LogicType":"Question","QuestionID":"QID35","QuestionIsInLoop":"no","ChoiceLocator":"q:\/\/QID35\/SelectableChoice\/1","Operator":"Selected","QuestionIDFromLocator":"QID35","LeftOperand":"q:\/\/QID35\/SelectableChoice\/1","Type":"Expression","Description":"<span class=\"ConjDesc\">If<\/span> <span class=\"QuestionDesc\">Are you familiar with the concept of Software Bills of Materials (SBOMs)?<\/span> <span class=\"LeftOpDesc\">Yes<\/span> <span class=\"OpDesc\">Is Selected<\/span> "},"Type":"If"},"Type":"BooleanExpression","inPage":false}}},{"SurveyID":"SV_4SzuMP26xlEkIBg","Element":"SQ","PrimaryAttribute":"QID14","SecondaryAttribute":"How many years of legal experience do you have?","TertiaryAttribute":null,"Payload":{"Configuration":{"InputHeight":29,"InputWidth":152,"QuestionDescriptionOption":"UseText"},"DataExportTag":"Q1","DataVisibility":{"Hidden":false,"Private":false},"DefaultChoices":false,"GradingData":[],"Language":[],"NextAnswerId":1,"NextChoiceId":4,"QuestionDescription":"How many years of legal experience do you have?","QuestionID":"QID14","QuestionText":"How many years of legal experience do you have?","QuestionText_Unsafe":"How many years of experience in software development do you have?","QuestionType":"TE","SearchSource":{"AllowFreeResponse":"false"},"Selector":"SL","Validation":{"Settings":{"ForceResponse":"ON","ForceResponseType":"ON","Type":"ContentType","MinChars":"1","ContentType":"ValidNumber","ValidDateType":"DateWithFormat","ValidPhoneType":"ValidUSPhone","ValidZipType":"ValidUSZip","ValidNumber":{"Min":"0","Max":"100","NumDecimals":""}}}}},{"SurveyID":"SV_4SzuMP26xlEkIBg","Element":"SQ","PrimaryAttribute":"QID23","SecondaryAttribute":"How often did you release or help release a new major version of an application \/ software over t...","TertiaryAttribute":null,"Payload":{"ChoiceOrder":[1,2,3,4,5],"Choices":{"1":{"Display":"Never"},"2":{"Display":"Annually"},"3":{"Display":"Quarterly"},"4":{"Display":"Monthly"},"5":{"Display":"More frequently"}},"Configuration":{"QuestionDescriptionOption":"UseText"},"DataExportTag":"Q10","DataVisibility":{"Hidden":false,"Private":false},"DefaultChoices":false,"GradingData":[],"Language":[],"NextAnswerId":1,"NextChoiceId":6,"QuestionDescription":"How often did you release or help release a new major version of an application \/ software over t...","QuestionID":"QID23","QuestionText":"How often did you release or help release a new major version of an application \/ software over the past two years? <br><br>Please give your best estimate; if you develop more than one software \/ application, please answer based on the most frequently updated software \/ application.","QuestionText_Unsafe":"How often did you release or help release a new major version of an application \/ software over the past two years? <br><br>Please give your best estimate; if you develop more than one software \/ application, please answer based on the most frequently updated software \/ application.","QuestionType":"MC","Selector":"SAVR","SubSelector":"TX","Validation":{"Settings":{"ForceResponse":"ON","ForceResponseType":"ON","Type":"None"}}}},{"SurveyID":"SV_4SzuMP26xlEkIBg","Element":"SQ","PrimaryAttribute":"QID15","SecondaryAttribute":"How would you describe your primary role?","TertiaryAttribute":null,"Payload":{"ChoiceOrder":[1,2,3,4,5,6,7,8,9],"Choices":{"1":{"Display":"Programmer"},"2":{"Display":"Tester"},"3":{"Display":"Project Lead"},"4":{"Display":"Project Manager"},"5":{"Display":"IT Manager"},"6":{"Display":"DevOps Engineer"},"7":{"Display":"Consultant"},"8":{"Display":"Educator"},"9":{"Display":"Other (please specify):","TextEntry":"true","TextEntryForceResponse":true}},"Configuration":{"QuestionDescriptionOption":"UseText"},"DataExportTag":"Q2","DataVisibility":{"Hidden":false,"Private":false},"DefaultChoices":false,"GradingData":[],"Language":[],"NextAnswerId":1,"NextChoiceId":10,"QuestionDescription":"How would you describe your primary role?","QuestionID":"QID15","QuestionText":"How would you describe your primary role?","QuestionText_Unsafe":"How would you describe your primary role?","QuestionType":"MC","Selector":"SAVR","SubSelector":"TX","Validation":{"Settings":{"ForceResponse":"ON","ForceResponseType":"ON","Type":"None"}}}},{"SurveyID":"SV_4SzuMP26xlEkIBg","Element":"SQ","PrimaryAttribute":"QID4","SecondaryAttribute":"If an SBOM is inaccurate or incomplete, what legal liability do you see for the entity that produ...","TertiaryAttribute":null,"Payload":{"QuestionText":"If an SBOM is inaccurate or incomplete, what legal liability do you see for the entity that produced it?","DefaultChoices":false,"DataExportTag":"L3","QuestionType":"TE","Selector":"ML","Configuration":{"QuestionDescriptionOption":"UseText","InputWidth":662,"InputHeight":184},"QuestionDescription":"If an SBOM is inaccurate or incomplete, what legal liability do you see for the entity that produ...","Validation":{"Settings":{"ForceResponse":"ON","ForceResponseType":"ON","Type":"None"}},"GradingData":[],"Language":[],"NextChoiceId":4,"NextAnswerId":1,"SearchSource":{"AllowFreeResponse":"false"},"QuestionID":"QID4","DataVisibility":{"Private":false,"Hidden":false}}},{"SurveyID":"SV_4SzuMP26xlEkIBg","Element":"SQ","PrimaryAttribute":"QID29","SecondaryAttribute":"In your estimation, how many SBOMs meet this minimum standard in practice?","TertiaryAttribute":null,"Payload":{"QuestionText":"In your estimation, how many SBOMs meet this minimum standard in practice?","DefaultChoices":false,"DataExportTag":"D3","QuestionType":"TE","Selector":"ML","Configuration":{"QuestionDescriptionOption":"UseText","InputWidth":668,"InputHeight":243},"QuestionDescription":"In your estimation, how many SBOMs meet this minimum standard in practice?","Validation":{"Settings":{"ForceResponse":"ON","ForceResponseType":"ON","Type":"None"}},"GradingData":[],"Language":[],"NextChoiceId":4,"NextAnswerId":1,"SearchSource":{"AllowFreeResponse":"false"},"QuestionID":"QID29","DataVisibility":{"Private":false,"Hidden":false},"DisplayLogic":{"0":{"0":{"ChoiceLocator":"q:\/\/QID35\/SelectableChoice\/1","Description":"<span class=\"ConjDesc\">If<\/span> <span class=\"QuestionDesc\">Are you familiar with the concept of Software Bills of Materials (SBOMs)?<\/span> <span class=\"LeftOpDesc\">Yes<\/span> <span class=\"OpDesc\">Is Selected<\/span> ","LeftOperand":"q:\/\/QID35\/SelectableChoice\/1","LogicType":"Question","Operator":"Selected","QuestionID":"QID35","QuestionIDFromLocator":"QID35","QuestionIsInLoop":"no","Type":"Expression"},"Type":"If"},"Type":"BooleanExpression","inPage":false}}},{"SurveyID":"SV_4SzuMP26xlEkIBg","Element":"SQ","PrimaryAttribute":"QID30","SecondaryAttribute":"In your opinion, to what extent will the provision of an accurate and complete SBOM become a stan...","TertiaryAttribute":null,"Payload":{"QuestionText":"In your opinion, to what extent will the provision of an accurate and complete SBOM become a standard provision in software licenses and related contracts?","DefaultChoices":false,"DataExportTag":"Q30","QuestionID":"QID30","QuestionType":"TE","Selector":"ML","Configuration":{"QuestionDescriptionOption":"UseText"},"QuestionDescription":"In your opinion, to what extent will the provision of an accurate and complete SBOM become a stan...","Validation":{"Settings":{"ForceResponse":"OFF","Type":"None"}},"GradingData":[],"Language":[],"NextChoiceId":6,"NextAnswerId":1,"SearchSource":{"AllowFreeResponse":"false"},"DisplayLogic":{"0":{"0":{"ChoiceLocator":"q:\/\/QID7\/SelectableChoice\/4","Description":"<span class=\"ConjDesc\">If<\/span> <span class=\"QuestionDesc\">Can SBOMs be used as part of or in the negotiation of contracts?<\/span> <span class=\"LeftOpDesc\">Yes<\/span> <span class=\"OpDesc\">Is Not Selected<\/span> ","LeftOperand":"q:\/\/QID7\/SelectableChoice\/4","LogicType":"Question","Operator":"NotSelected","QuestionID":"QID7","QuestionIDFromLocator":"QID7","QuestionIsInLoop":"no","Type":"Expression"},"Type":"If"},"Type":"BooleanExpression","inPage":false},"DataVisibility":{"Private":false,"Hidden":false}}},{"SurveyID":"SV_4SzuMP26xlEkIBg","Element":"SQ","PrimaryAttribute":"QID38","SecondaryAttribute":"In your opinion, to what extent will the provision of an accurate and complete SBOM become a stan...","TertiaryAttribute":null,"Payload":{"QuestionText":"In your opinion, to what extent will the provision of an accurate and complete SBOM become a standard provision in software licenses and related contracts?","DefaultChoices":false,"DataExportTag":"L5","QuestionType":"TE","Selector":"ML","DataVisibility":{"Private":false,"Hidden":false},"Configuration":{"QuestionDescriptionOption":"UseText","InputWidth":680,"InputHeight":197},"QuestionDescription":"In your opinion, to what extent will the provision of an accurate and complete SBOM become a stan...","Validation":{"Settings":{"ForceResponse":"ON","ForceResponseType":"ON","Type":"None"}},"GradingData":[],"Language":[],"NextChoiceId":4,"NextAnswerId":1,"SearchSource":{"AllowFreeResponse":"false"},"QuestionID":"QID38"}},{"SurveyID":"SV_4SzuMP26xlEkIBg","Element":"SQ","PrimaryAttribute":"QID2","SecondaryAttribute":"Investigating the state of practice in software supply chain management \u00a0\u00a0 RESEARCH GOAL AND PROC.","TertiaryAttribute":null,"Payload":{"ChoiceOrder":[],"Configuration":{"QuestionDescriptionOption":"UseText"},"DataExportTag":"CF1","DataVisibility":{"Hidden":false,"Private":false},"DefaultChoices":false,"GradingData":[],"Language":[],"NextAnswerId":1,"NextChoiceId":3,"QuestionDescription":"Investigating the state of practice in software supply chain management \u00a0\u00a0 RESEARCH GOAL AND PROC...","QuestionID":"QID2","QuestionText":"<p dir=\"ltr\" style=\"text-align: center;\"><span style=\"font-size:19px;\"><b id=\"docs-internal-guid-1674b397-7fff-4c62-7a9b-f8ec1fd52ff1\">Investigating the state of practice in software supply chain management<\/b><\/span><\/p>\n&nbsp;&nbsp;\n\n<p dir=\"ltr\"><span style=\"font-size:16px;\"><b id=\"docs-internal-guid-1674b397-7fff-4c62-7a9b-f8ec1fd52ff1\">RESEARCH GOAL AND PROCEDURE<\/b><\/span><\/p>\n\n<p dir=\"ltr\">&nbsp;<\/p>\n\n<p dir=\"ltr\"><span style=\"font-size:16px;\"><span id=\"docs-internal-guid-1674b397-7fff-4c62-7a9b-f8ec1fd52ff1\">The purpose of this study is to investigate issues, needs, and opportunities related to software supply chain management. This includes details regarding software licensing, compliance, and other legal concerns.<br><\/span><\/span><\/p>\n\n<p dir=\"ltr\">&nbsp;<\/p>\n\n<p dir=\"ltr\"><span style=\"font-size:16px;\">The (open source) software supply chain is the set of processes, components, and tools used to develop, build, and publish a software product (a system, library, tool, etc.). Software vendors often create software products by assembling open source software components (aka dependencies) developed by third-party developers or organizations. Common tasks involved in supply chain management include maintaining license compliance among components, managing and screening dependencies, and mitigating security threats introduced in software dependencies.<\/span><\/p>\n\n<p dir=\"ltr\">&nbsp;<\/p>\n\n<p dir=\"ltr\"><span style=\"font-size:16px;\"><span id=\"docs-internal-guid-1674b397-7fff-4c62-7a9b-f8ec1fd52ff1\">If you decide to participate, you will take a brief survey\/questionnaire. The survey will last about 20-30 minutes during which time you will be asked questions regarding your thoughts and experience regarding several topics related to the open source supply chain, <b>including Software Bills of Materials (SBOMs) and associated legal concerns. <\/b><\/span><\/span><\/p>\n\n<p dir=\"ltr\">&nbsp;<\/p>\n\n<p dir=\"ltr\"><span style=\"font-size:16px;\"><span id=\"docs-internal-guid-1674b397-7fff-4c62-7a9b-f8ec1fd52ff1\">We may contact you by email to invite you to participate in a follow-up interview.<\/span><\/span><\/p>\n\n<p dir=\"ltr\">&nbsp;<\/p>\n\n<p dir=\"ltr\"><span style=\"font-size:16px;\"><b id=\"docs-internal-guid-1674b397-7fff-4c62-7a9b-f8ec1fd52ff1\">RISKS AND BENEFITS<\/b><\/span><\/p>\n<span style=\"font-size:16px;\"> &nbsp;<\/span>\n\n<p dir=\"ltr\"><span style=\"font-size:16px;\"><span id=\"docs-internal-guid-1674b397-7fff-4c62-7a9b-f8ec1fd52ff1\">There are no foreseeable risks for participating in this research.<\/span><\/span><\/p>\n&nbsp;\n\n<p dir=\"ltr\"><span style=\"font-size:16px;\"><span id=\"docs-internal-guid-1674b397-7fff-4c62-7a9b-f8ec1fd52ff1\">There are no benefits to you as a participant other than to further research in software engineering and the open source software supply chain.<\/span><\/span><\/p>\n<span style=\"font-size:16px;\"> &nbsp;<\/span>\n\n<p dir=\"ltr\"><span style=\"font-size:16px;\"><b id=\"docs-internal-guid-1674b397-7fff-4c62-7a9b-f8ec1fd52ff1\">PARTICIPATION<\/b><\/span><\/p>\n<span style=\"font-size:16px;\"> &nbsp;<\/span>\n\n<p dir=\"ltr\"><span style=\"font-size:16px;\"><span id=\"docs-internal-guid-1674b397-7fff-4c62-7a9b-f8ec1fd52ff1\">You must be at least 18 years old to participate.<\/span><\/span><\/p>\n<span style=\"font-size:16px;\"> &nbsp;<\/span>\n\n<p dir=\"ltr\"><span style=\"font-size:16px;\"><span id=\"docs-internal-guid-1674b397-7fff-4c62-7a9b-f8ec1fd52ff1\">Your participation is voluntary, and you may withdraw from the study at any time and for any reason. If you decide not to participate or if you withdraw from the study, there is no penalty or loss of benefits to which you are otherwise entitled. There are no costs to you or any other party.<\/span><\/span><\/p>\n\n<p dir=\"ltr\"><span style=\"font-size:16px;\"><span id=\"docs-internal-guid-1674b397-7fff-4c62-7a9b-f8ec1fd52ff1\">Your decision whether or not to participate will not prejudice your future relations with The College of William &amp; Mary.<\/span><\/span><\/p>\n<span style=\"font-size:16px;\"> &nbsp;<\/span>\n\n<p dir=\"ltr\"><span style=\"font-size:16px;\"><span id=\"docs-internal-guid-1674b397-7fff-4c62-7a9b-f8ec1fd52ff1\">If you decide to participate, you will be entered into a drawing for a $50 USD Amazon gift card upon completion of this survey. We will randomly choose respondents and give out 10 gift cards.<\/span><\/span><\/p>\n<span style=\"font-size:16px;\"> &nbsp;<\/span>\n\n<p dir=\"ltr\"><span style=\"font-size:16px;\"><b id=\"docs-internal-guid-1674b397-7fff-4c62-7a9b-f8ec1fd52ff1\">CONFIDENTIALITY<\/b><\/span><\/p>\n<span style=\"font-size:16px;\"> &nbsp;<\/span>\n\n<p dir=\"ltr\"><span style=\"font-size:16px;\"><span id=\"docs-internal-guid-1674b397-7fff-4c62-7a9b-f8ec1fd52ff1\">The data collected by this study will be confidential, including your responses. Any<\/span><b> <\/b>information obtained in connection with this study that can be identified with you will remain confidential and disclosed only with your permission. You will be assigned a code number to protect your identity and all data will be kept secure. If you give us your permission by signing this document, we plan to disclose the results of the questionnaire in any publication resulting from this study. The disclosed results will not be personally identifiable (if needed, they will be anonymized). The de-identified data could be used for future research without additional consent from participants.<\/span><\/p>\n<span style=\"font-size:16px;\"> &nbsp;<\/span>\n\n<p dir=\"ltr\"><span style=\"font-size:16px;\"><span id=\"docs-internal-guid-1674b397-7fff-4c62-7a9b-f8ec1fd52ff1\">The Institutional Review Board (IRB) and Protection of Human Subjects (PHSC) committees that monitor research on human subjects may inspect study records during internal auditing procedures and are required to keep all information confidential.<\/span><\/span><\/p>\n<span style=\"font-size:16px;\"> &nbsp;<\/span>\n\n<p dir=\"ltr\"><span style=\"font-size:16px;\"><b id=\"docs-internal-guid-1674b397-7fff-4c62-7a9b-f8ec1fd52ff1\">CONTACT<\/b><\/span><\/p>\n<span style=\"font-size:16px;\"> &nbsp;<\/span>\n\n<p dir=\"ltr\"><span style=\"font-size:16px;\"><span id=\"docs-internal-guid-1674b397-7fff-4c62-7a9b-f8ec1fd52ff1\">This research is being conducted by Nathan Wintersgill (njwintersgill@wm.edu), Trevor Stalnaker (twstalnaker@wm.edu), Dr. Denys Poshyvanyk (denys@cs.wm.edu, 757-221-3476), and Dr. Oscar Chaparro (oscarch@wm.edu, 757-221-2144) from the College of William &amp; Mary.&nbsp;<\/span><\/span><\/p>\n\n<p dir=\"ltr\">&nbsp;<\/p>\n\n<p dir=\"ltr\"><span style=\"font-size:16px;\"><span>Questions regarding the rights of research subjects may be directed to Jennifer Stevens (jastev@wm.edu, (757)-221- 3862), Chair of the Committee on the Protection of Human Subjects at the College of William &amp; Mary.<\/span><\/span><\/p>\n\n<p dir=\"ltr\">&nbsp;<\/p>\n\n<p dir=\"ltr\"><span style=\"font-size:16px;\"><span>Such committee has reviewed and approved the present research (ProtocolID: PHSC-2022-07-14-15722-njwintersgill)<\/span><\/span><\/p>\n<span style=\"font-size:16px;\"> &nbsp;<\/span>\n\n<p dir=\"ltr\"><span style=\"font-size:16px;\"><b id=\"docs-internal-guid-1674b397-7fff-4c62-7a9b-f8ec1fd52ff1\">CONSENT<\/b><\/span><\/p>\n<span style=\"font-size:16px;\"> &nbsp;<\/span>\n\n<p dir=\"ltr\"><span style=\"font-size:16px;\"><span id=\"docs-internal-guid-1674b397-7fff-4c62-7a9b-f8ec1fd52ff1\">You are welcome to print this page to keep a copy of this form.<\/span><\/span><\/p>\n<br>\nDo you consent to participate in this survey?","QuestionText_Unsafe":"<p dir=\"ltr\" style=\"text-align: center;\"><span style=\"font-size:19px;\"><b id=\"docs-internal-guid-1674b397-7fff-4c62-7a9b-f8ec1fd52ff1\">Investigating the state of practice in software supply chain management<\/b><\/span><\/p>\n&nbsp;&nbsp;\n\n<p dir=\"ltr\"><span style=\"font-size:16px;\"><b id=\"docs-internal-guid-1674b397-7fff-4c62-7a9b-f8ec1fd52ff1\">RESEARCH GOAL AND PROCEDURE<\/b><\/span><\/p>\n\n<p dir=\"ltr\"><span style=\"font-size:16px;\"><span><br><\/span><\/span><\/p><p dir=\"ltr\"><span style=\"font-size:16px;\"><span id=\"docs-internal-guid-1674b397-7fff-4c62-7a9b-f8ec1fd52ff1\">The purpose of this study is to investigate issues, needs, and opportunities related to software supply chain management.&nbsp;<\/span><\/span><\/p><p dir=\"ltr\"><span style=\"font-size:16px;\"><b><br><\/b><\/span><\/p>\n\n<p dir=\"ltr\"><span style=\"font-size:16px;\">The (open source) software supply chain is the set of processes, components, and tools used to develop, build, and publish a software product (a system, library, tool, etc.). Software vendors often create software products by assembling open source software components (aka dependencies) developed by third-party developers or organizations. Common tasks involved in supply chain management include maintaining license compliance among components, managing and screening dependencies, and mitigating security threats introduced in software dependencies.<\/span><\/p><p dir=\"ltr\"><span style=\"font-size:16px;\"><br><\/span><\/p>\n\n<p dir=\"ltr\"><span style=\"font-size:16px;\"><span id=\"docs-internal-guid-1674b397-7fff-4c62-7a9b-f8ec1fd52ff1\">If you decide to participate, you will take a brief survey\/questionnaire. The survey will last about 20-30 minutes during which time you will be asked questions regarding your familiarity and experience with several topics related to the open source supply chain, <b>including dependency management, Software Bills of Materials (SBOMs), security issues related to the supply chain, and open source licensing. <\/b><\/span><\/span><\/p><p dir=\"ltr\"><span style=\"font-size:16px;\"><br><\/span><\/p>\n\n<p dir=\"ltr\"><span style=\"font-size:16px;\"><span id=\"docs-internal-guid-1674b397-7fff-4c62-7a9b-f8ec1fd52ff1\">We may contact you by email to invite you to participate in a follow-up interview.<\/span><\/span><\/p>\n\n<p dir=\"ltr\"><span style=\"font-size:16px;\"><b><br><\/b><\/span><\/p><p dir=\"ltr\"><span style=\"font-size:16px;\"><b id=\"docs-internal-guid-1674b397-7fff-4c62-7a9b-f8ec1fd52ff1\">RISKS AND BENEFITS<\/b><\/span><\/p>\n<span style=\"font-size:16px;\"> &nbsp;<\/span>\n\n<p dir=\"ltr\"><span style=\"font-size:16px;\"><span id=\"docs-internal-guid-1674b397-7fff-4c62-7a9b-f8ec1fd52ff1\">There are no foreseeable risks for participating in this research.<\/span><\/span><\/p><br><p dir=\"ltr\"><span style=\"font-size:16px;\"><span id=\"docs-internal-guid-1674b397-7fff-4c62-7a9b-f8ec1fd52ff1\">There are no benefits to you as a participant other than to further research in software engineering and the open source software supply chain.<\/span><\/span><\/p>\n<span style=\"font-size:16px;\"> &nbsp;<\/span>\n\n<p dir=\"ltr\"><span style=\"font-size:16px;\"><b id=\"docs-internal-guid-1674b397-7fff-4c62-7a9b-f8ec1fd52ff1\">PARTICIPATION<\/b><\/span><\/p>\n<span style=\"font-size:16px;\"> &nbsp;<\/span>\n\n<p dir=\"ltr\"><span style=\"font-size:16px;\"><span id=\"docs-internal-guid-1674b397-7fff-4c62-7a9b-f8ec1fd52ff1\">You must be at least 18 years old to participate.<\/span><\/span><\/p>\n<span style=\"font-size:16px;\"> &nbsp;<\/span>\n\n<p dir=\"ltr\"><span style=\"font-size:16px;\"><span id=\"docs-internal-guid-1674b397-7fff-4c62-7a9b-f8ec1fd52ff1\">Your participation is voluntary, and you may withdraw from the study at any time and for any reason. If you decide not to participate or if you withdraw from the study, there is no penalty or loss of benefits to which you are otherwise entitled. There are no costs to you or any other party.<\/span><\/span><\/p>\n\n<p dir=\"ltr\"><span style=\"font-size:16px;\"><span id=\"docs-internal-guid-1674b397-7fff-4c62-7a9b-f8ec1fd52ff1\">Your decision whether or not to participate will not prejudice your future relations with The College of William &amp; Mary.<\/span><\/span><\/p>\n<span style=\"font-size:16px;\"> &nbsp;<\/span>\n\n<p dir=\"ltr\"><span style=\"font-size:16px;\"><span id=\"docs-internal-guid-1674b397-7fff-4c62-7a9b-f8ec1fd52ff1\">If you decide to participate, you will be entered into a drawing for a $50 USD Amazon gift card upon completion of this survey. We will randomly choose respondents and give out 10 gift cards.<\/span><\/span><\/p>\n<span style=\"font-size:16px;\"> &nbsp;<\/span>\n\n<p dir=\"ltr\"><span style=\"font-size:16px;\"><b id=\"docs-internal-guid-1674b397-7fff-4c62-7a9b-f8ec1fd52ff1\">CONFIDENTIALITY<\/b><\/span><\/p>\n<span style=\"font-size:16px;\"> &nbsp;<\/span>\n\n<p dir=\"ltr\"><span style=\"font-size:16px;\"><span id=\"docs-internal-guid-1674b397-7fff-4c62-7a9b-f8ec1fd52ff1\">The data collected by this study will be confidential, including your responses. Any<\/span><b> <\/b>information obtained in connection with this study that can be identified with you will remain confidential and disclosed only with your permission. You will be assigned a code number to protect your identity and all data will be kept secure. If you give us your permission by signing this document, we plan to disclose the results of the questionnaire in any publication resulting from this study. The disclosed results will not be personally identifiable (if needed, they will be anonymized). The de-identified data could be used for future research without additional consent from participants.<\/span><\/p>\n<span style=\"font-size:16px;\"> &nbsp;<\/span>\n\n<p dir=\"ltr\"><span style=\"font-size:16px;\"><span id=\"docs-internal-guid-1674b397-7fff-4c62-7a9b-f8ec1fd52ff1\">The Institutional Review Board (IRB) and Protection of Human Subjects (PHSC) committees that monitor research on human subjects may inspect study records during internal auditing procedures and are required to keep all information confidential.<\/span><\/span><\/p>\n<span style=\"font-size:16px;\"> &nbsp;<\/span>\n\n<p dir=\"ltr\"><span style=\"font-size:16px;\"><b id=\"docs-internal-guid-1674b397-7fff-4c62-7a9b-f8ec1fd52ff1\">CONTACT<\/b><\/span><\/p>\n<span style=\"font-size:16px;\"> &nbsp;<\/span>\n\n<p dir=\"ltr\"><span style=\"font-size:16px;\"><span id=\"docs-internal-guid-1674b397-7fff-4c62-7a9b-f8ec1fd52ff1\">This research is being conducted by Nathan Wintersgill (njwintersgill@wm.edu), Trevor Stalnaker (twstalnaker@wm.edu), Dr. Denys Poshyvanyk (denys@cs.wm.edu, 757-221-3476), and Dr. Oscar Chaparro (oscarch@wm.edu, 757-221-2144) from the College of William &amp; Mary.&nbsp;<\/span><\/span><\/p><p dir=\"ltr\"><span style=\"font-size:16px;\"><span><br><\/span><\/span><\/p><p dir=\"ltr\"><span style=\"font-size:16px;\"><span>Questions regarding the rights of research subjects may be directed to Jennifer Stevens (jastev@wm.edu, (757)-221- 3862), Chair of the Committee on the Protection of Human Subjects at the College of William &amp; Mary.<\/span><\/span><\/p><p dir=\"ltr\"><span style=\"font-size:16px;\"><span><br><\/span><\/span><\/p><p dir=\"ltr\"><span style=\"font-size:16px;\"><span>Such committee has reviewed and approved the present research (ProtocolID: PHSC-2022-07-14-15722-njwintersgill)<\/span><\/span><\/p>\n<span style=\"font-size:16px;\"> &nbsp;<\/span>\n\n<p dir=\"ltr\"><span style=\"font-size:16px;\"><b id=\"docs-internal-guid-1674b397-7fff-4c62-7a9b-f8ec1fd52ff1\">CONSENT<\/b><\/span><\/p>\n<span style=\"font-size:16px;\"> &nbsp;<\/span>\n\n<p dir=\"ltr\"><span style=\"font-size:16px;\"><span id=\"docs-internal-guid-1674b397-7fff-4c62-7a9b-f8ec1fd52ff1\">You are welcome to print this page to keep a copy of this form.<\/span><\/span><\/p>\n<br>\nDo you consent to participate in this survey?","QuestionType":"DB","Selector":"TB","Validation":{"Settings":{"Type":"None"}}}},{"SurveyID":"SV_4SzuMP26xlEkIBg","Element":"SQ","PrimaryAttribute":"QID25","SecondaryAttribute":"Please enter your email address. This will be used to contact you if you are identified as the re...","TertiaryAttribute":null,"Payload":{"Configuration":{"QuestionDescriptionOption":"UseText"},"DataExportTag":"Q3","DataVisibility":{"Hidden":false,"Private":false},"DefaultChoices":false,"GradingData":[],"Language":[],"NextAnswerId":1,"NextChoiceId":4,"QuestionDescription":"Please enter your email address. This will be used to contact you if you are identified as the re...","QuestionID":"QID25","QuestionText":"Please enter your email address. This will be used to contact you if you are identified as the recipient of the Amazon gift card.<br>","QuestionText_Unsafe":"Please enter your email address. This will be used to contact you for compensation. If we are interested in your responses, we may contact you for a follow-up interview, if you are willing.<br>","QuestionType":"TE","SearchSource":{"AllowFreeResponse":"false"},"Selector":"SL","Validation":{"Settings":{"ForceResponse":"OFF","ForceResponseType":"ON","Type":"ContentType","MinChars":"1","ContentType":"ValidEmail","ValidDateType":"DateWithFormat","ValidPhoneType":"ValidUSPhone","ValidZipType":"ValidUSZip","ValidNumber":{"Min":"","Max":"","NumDecimals":""}}}}},{"SurveyID":"SV_4SzuMP26xlEkIBg","Element":"SQ","PrimaryAttribute":"QID8","SecondaryAttribute":"Should the creator of an SBOM be required to provide a certification that the SBOM is correct and...","TertiaryAttribute":null,"Payload":{"QuestionText":"Should the creator of an SBOM be required to provide a certification that the SBOM is correct and complete?&nbsp; Please elaborate on your response.","DefaultChoices":false,"DataExportTag":"L6","QuestionType":"TE","Selector":"ML","Configuration":{"QuestionDescriptionOption":"UseText","InputWidth":680,"InputHeight":170},"QuestionDescription":"Should the creator of an SBOM be required to provide a certification that the SBOM is correct and...","Validation":{"Settings":{"ForceResponse":"ON","ForceResponseType":"ON","Type":"None"}},"GradingData":[],"Language":[],"NextChoiceId":4,"NextAnswerId":1,"SearchSource":{"AllowFreeResponse":"false"},"QuestionID":"QID8","DataVisibility":{"Private":false,"Hidden":false}}},{"SurveyID":"SV_4SzuMP26xlEkIBg","Element":"SQ","PrimaryAttribute":"QID34","SecondaryAttribute":"The National Telecommunications and Information Administration\u00a0defines a Software Bill of Materia..","TertiaryAttribute":null,"Payload":{"QuestionText":"The <a target=\"_blank\" rel=\"noopener\" href=\"https:\/\/www.ntia.gov\/files\/ntia\/publications\/sbom_at_a_glance_apr2021.pdf\">National Telecommunications and Information Administration<\/a>&nbsp;defines a <b>Software Bill of Materials<\/b> (SBOM) as follows:<br>\n<br>\nAn SBOM is a formal, machine-readable<b> inventory of software components and dependencies<\/b>, information about those components, and their hierarchical relationships. These inventories should be comprehensive \u2013 or should explicitly state where they could not be.<br>\n<br>\nSBOMs may include<b> open source or proprietary software<\/b> and can be widely available or access-restricted. SBOMs should also include baseline attributes with the ability to uniquely identify individual components in a standard data format. The most efficient generation of SBOMs is as a byproduct of a modern development process. For older software, less-automated methods exist.","DefaultChoices":false,"DataExportTag":"SBOM Technical Def","QuestionID":"QID34","QuestionType":"DB","Selector":"TB","Configuration":{"QuestionDescriptionOption":"UseText"},"QuestionDescription":"The National Telecommunications and Information Administration\u00a0defines a Software Bill of Materia...","ChoiceOrder":[],"Validation":{"Settings":{"Type":"None"}},"GradingData":[],"Language":[],"NextChoiceId":4,"NextAnswerId":1,"DisplayLogic":{"0":{"0":{"ChoiceLocator":"q:\/\/QID35\/SelectableChoice\/2","Description":"<span class=\"ConjDesc\">If<\/span> <span class=\"QuestionDesc\">Are you familiar with the concept of Software Bills of Materials (SBOMs)?<\/span> <span class=\"LeftOpDesc\">No<\/span> <span class=\"OpDesc\">Is Selected<\/span> ","LeftOperand":"q:\/\/QID35\/SelectableChoice\/2","LogicType":"Question","Operator":"Selected","QuestionID":"QID35","QuestionIDFromLocator":"QID35","QuestionIsInLoop":"no","Type":"Expression"},"Type":"If"},"Type":"BooleanExpression","inPage":false},"DataVisibility":{"Private":false,"Hidden":false}}},{"SurveyID":"SV_4SzuMP26xlEkIBg","Element":"SQ","PrimaryAttribute":"QID9","SecondaryAttribute":"Updating equipment in critical facilities, like hospitals, can be difficult since all equipment n...","TertiaryAttribute":null,"Payload":{"QuestionText":"Updating equipment in critical facilities, like hospitals, can be difficult since all equipment needs to be first approved by government regulators. <br><br>How do you think that an SBOM that includes information about the software and hardware components of such equipment could facilitate faster and more accurate approvals, if at all?<br>","DefaultChoices":false,"DataExportTag":"L1","QuestionType":"TE","Selector":"ML","Configuration":{"QuestionDescriptionOption":"UseText","InputWidth":680,"InputHeight":231},"QuestionDescription":"Updating equipment in critical facilities, like hospitals, can be difficult since all equipment n...","Validation":{"Settings":{"ForceResponse":"ON","ForceResponseType":"ON","Type":"None"}},"GradingData":[],"Language":[],"NextChoiceId":4,"NextAnswerId":1,"SearchSource":{"AllowFreeResponse":"false"},"QuestionID":"QID9","DataVisibility":{"Private":false,"Hidden":false}}},{"SurveyID":"SV_4SzuMP26xlEkIBg","Element":"SQ","PrimaryAttribute":"QID37","SecondaryAttribute":"We refer to a \"DataBOM\" as a document which serves as a Bill of Materials for a dataset used to t...","TertiaryAttribute":null,"Payload":{"QuestionText":"We refer to a <strong>\"DataBOM\"<\/strong> as a document which serves as a Bill of Materials for a dataset used to train a AI or machine learning model. A DataBOM would include information regarding the nature and provenance of any information or values (images, text, etc.) included in the dataset.","DefaultChoices":false,"DataExportTag":"AI1","QuestionID":"QID37","QuestionType":"DB","Selector":"TB","Configuration":{"QuestionDescriptionOption":"UseText"},"QuestionDescription":"We refer to a \"DataBOM\" as a document which serves as a Bill of Materials for a dataset used to t...","ChoiceOrder":[],"Validation":{"Settings":{"Type":"None"}},"GradingData":[],"Language":[],"NextChoiceId":4,"NextAnswerId":1,"DataVisibility":{"Private":false,"Hidden":false}}},{"SurveyID":"SV_4SzuMP26xlEkIBg","Element":"SQ","PrimaryAttribute":"QID6","SecondaryAttribute":"What do you consider to be the minimum adequate baseline component\/dependency information for an...","TertiaryAttribute":null,"Payload":{"QuestionText":"What do you consider to be the minimum adequate baseline component\/dependency information for an SBOM?","DefaultChoices":false,"DataExportTag":"D2","QuestionType":"TE","Selector":"ML","Configuration":{"QuestionDescriptionOption":"UseText","InputWidth":668,"InputHeight":221},"QuestionDescription":"What do you consider to be the minimum adequate baseline component\/dependency information for an...","Validation":{"Settings":{"ForceResponse":"ON","ForceResponseType":"ON","Type":"None"}},"GradingData":[],"Language":[],"NextChoiceId":4,"NextAnswerId":1,"SearchSource":{"AllowFreeResponse":"false"},"QuestionID":"QID6","DataVisibility":{"Private":false,"Hidden":false},"DisplayLogic":{"0":{"0":{"ChoiceLocator":"q:\/\/QID35\/SelectableChoice\/1","Description":"<span class=\"ConjDesc\">If<\/span> <span class=\"QuestionDesc\">Are you familiar with the concept of Software Bills of Materials (SBOMs)?<\/span> <span class=\"LeftOpDesc\">Yes<\/span> <span class=\"OpDesc\">Is Selected<\/span> ","LeftOperand":"q:\/\/QID35\/SelectableChoice\/1","LogicType":"Question","Operator":"Selected","QuestionID":"QID35","QuestionIDFromLocator":"QID35","QuestionIsInLoop":"no","Type":"Expression"},"Type":"If"},"Type":"BooleanExpression","inPage":false}}},{"SurveyID":"SV_4SzuMP26xlEkIBg","Element":"SQ","PrimaryAttribute":"QID5","SecondaryAttribute":"What is the legal definition of an SBOM according to current regulation and legislation?","TertiaryAttribute":null,"Payload":{"QuestionText":"What is the legal definition of an SBOM according to current regulation and legislation?","DefaultChoices":false,"DataExportTag":"Q5","QuestionType":"TE","Selector":"SL","Configuration":{"QuestionDescriptionOption":"UseText"},"QuestionDescription":"What is the legal definition of an SBOM according to current regulation and legislation?","Validation":{"Settings":{"ForceResponse":"OFF","Type":"None"}},"GradingData":[],"Language":[],"NextChoiceId":4,"NextAnswerId":1,"SearchSource":{"AllowFreeResponse":"false"},"QuestionID":"QID5","DataVisibility":{"Private":false,"Hidden":false},"DisplayLogic":{"0":{"0":{"LogicType":"Question","QuestionID":"QID35","QuestionIsInLoop":"no","ChoiceLocator":"q:\/\/QID35\/SelectableChoice\/1","Operator":"Selected","QuestionIDFromLocator":"QID35","LeftOperand":"q:\/\/QID35\/SelectableChoice\/1","Type":"Expression","Description":"<span class=\"ConjDesc\">If<\/span> <span class=\"QuestionDesc\">Are you familiar with the concept of Software Bills of Materials (SBOMs)?<\/span> <span class=\"LeftOpDesc\">Yes<\/span> <span class=\"OpDesc\">Is Selected<\/span> "},"Type":"If"},"Type":"BooleanExpression","inPage":false}}},{"SurveyID":"SV_4SzuMP26xlEkIBg","Element":"SQ","PrimaryAttribute":"QID16","SecondaryAttribute":"What is your highest level of education?","TertiaryAttribute":null,"Payload":{"ChoiceOrder":[1,2,3,4,5,6,7],"Choices":{"1":{"Display":"Did not graduate from high school"},"2":{"Display":"High School"},"3":{"Display":"Some college"},"4":{"Display":"Bachelor's Degree"},"5":{"Display":"Master's Degree"},"6":{"Display":"Doctoral Degree"},"7":{"Display":"Other","TextEntry":"true"}},"Configuration":{"QuestionDescriptionOption":"UseText"},"DataExportTag":"Q3","DataVisibility":{"Hidden":false,"Private":false},"DefaultChoices":false,"GradingData":[],"Language":[],"NextAnswerId":1,"NextChoiceId":8,"QuestionDescription":"What is your highest level of education?","QuestionID":"QID16","QuestionText":"What is your highest level of education?","QuestionText_Unsafe":"What is your highest level of education?","QuestionType":"MC","Selector":"SAVR","SubSelector":"TX","Validation":{"Settings":{"ForceResponse":"ON","ForceResponseType":"ON","Type":"None"}}}},{"SurveyID":"SV_4SzuMP26xlEkIBg","Element":"SQ","PrimaryAttribute":"QID28","SecondaryAttribute":"What liability do you see for the creators of tools used to automatically generate SBOMs that are...","TertiaryAttribute":null,"Payload":{"QuestionText":"What liability do you see for the creators of tools used to automatically generate SBOMs that are incomplete or inaccurate?","DefaultChoices":false,"DataExportTag":"L4","QuestionType":"TE","Selector":"ML","Configuration":{"QuestionDescriptionOption":"UseText","InputWidth":678,"InputHeight":205},"QuestionDescription":"What liability do you see for the creators of tools used to automatically generate SBOMs that are...","Validation":{"Settings":{"ForceResponse":"ON","ForceResponseType":"ON","Type":"None"}},"GradingData":[],"Language":[],"NextChoiceId":4,"NextAnswerId":1,"SearchSource":{"AllowFreeResponse":"false"},"QuestionID":"QID28","DataVisibility":{"Private":false,"Hidden":false}}},{"SurveyID":"SV_4SzuMP26xlEkIBg","Element":"SQ","PrimaryAttribute":"QID11","SecondaryAttribute":"What steps can organizations take to protect their proprietary information and trade secrets when...","TertiaryAttribute":null,"Payload":{"QuestionText":"What steps can organizations take to protect their proprietary information and trade secrets when creating and distributing SBOMs?","DefaultChoices":false,"DataExportTag":"L7","QuestionType":"TE","Selector":"ML","Configuration":{"QuestionDescriptionOption":"UseText","InputWidth":680,"InputHeight":165},"QuestionDescription":"What steps can organizations take to protect their proprietary information and trade secrets when...","Validation":{"Settings":{"ForceResponse":"ON","ForceResponseType":"ON","Type":"None"}},"GradingData":[],"Language":[],"NextChoiceId":4,"NextAnswerId":1,"SearchSource":{"AllowFreeResponse":"false"},"QuestionID":"QID11","DataVisibility":{"Private":false,"Hidden":false}}},{"SurveyID":"SV_4SzuMP26xlEkIBg","Element":"SQ","PrimaryAttribute":"QID18","SecondaryAttribute":"What types of systems have you developed?","TertiaryAttribute":null,"Payload":{"ChoiceOrder":[1,2,3,4,5,6,7,8],"Choices":{"1":{"Display":"Operating systems"},"2":{"Display":"Web applications"},"3":{"Display":"Mobile applications"},"4":{"Display":"Desktop applications"},"5":{"Display":"Middleware"},"6":{"Display":"Databases"},"7":{"Display":"Development tools (compilers, prog. languages, etc.)"},"8":{"Display":"Others","TextEntry":"true","TextEntryForceResponse":true}},"Configuration":{"QuestionDescriptionOption":"UseText"},"DataExportTag":"Q5","DataVisibility":{"Hidden":false,"Private":false},"DefaultChoices":false,"GradingData":[],"Language":[],"NextAnswerId":1,"NextChoiceId":9,"QuestionDescription":"What types of systems have you developed?","QuestionID":"QID18","QuestionText":"What types of systems have you developed?","QuestionText_Unsafe":"What types of systems have you developed?","QuestionType":"MC","Selector":"MAVR","SubSelector":"TX","Validation":{"Settings":{"ForceResponse":"ON","ForceResponseType":"ON","MinChoices":"1","Type":"MinChoices"}}}},{"SurveyID":"SV_4SzuMP26xlEkIBg","Element":"SQ","PrimaryAttribute":"QID24","SecondaryAttribute":"Which country \/ countries are you and \/ or your organization based in?","TertiaryAttribute":null,"Payload":{"Configuration":{"QuestionDescriptionOption":"UseText"},"DataExportTag":"Q2","DataVisibility":{"Hidden":false,"Private":false},"DefaultChoices":false,"GradingData":[],"Language":[],"NextAnswerId":1,"NextChoiceId":4,"QuestionDescription":"Which country \/ countries are you and \/ or your organization based in?","QuestionID":"QID24","QuestionText":"Which country \/ countries are you and \/ or your organization based in?","QuestionText_Unsafe":"Which country \/ countries are you and \/ or your organization based in?","QuestionType":"TE","SearchSource":{"AllowFreeResponse":"false"},"Selector":"SL","Validation":{"Settings":{"ForceResponse":"ON","ForceResponseType":"ON","Type":"None","MinChars":"1","ValidDateType":"DateWithFormat","ValidPhoneType":"ValidUSPhone","ValidZipType":"ValidUSZip","ValidNumber":{"Min":"","Max":"","NumDecimals":""}}}}},{"SurveyID":"SV_4SzuMP26xlEkIBg","Element":"SQ","PrimaryAttribute":"QID17","SecondaryAttribute":"Which programming languages have you most used in past project(s)?","TertiaryAttribute":null,"Payload":{"ChoiceOrder":[1,2,3,4,5,6],"Choices":{"1":{"Display":"Python"},"2":{"Display":"Java"},"3":{"Display":"C \/ C++"},"4":{"Display":"Javascript"},"5":{"Display":"C#"},"6":{"Display":"Others (please specify):","TextEntry":"true","TextEntryForceResponse":true}},"Configuration":{"QuestionDescriptionOption":"UseText"},"DataExportTag":"Q4","DataVisibility":{"Hidden":false,"Private":false},"DefaultChoices":false,"GradingData":[],"Language":[],"NextAnswerId":1,"NextChoiceId":7,"QuestionDescription":"Which programming languages have you most used in past project(s)?","QuestionID":"QID17","QuestionText":"Which programming languages have you most used in past project(s)?","QuestionText_Unsafe":"Which programming languages have you most used in past project(s)?","QuestionType":"MC","Selector":"MAVR","SubSelector":"TX","Validation":{"Settings":{"ForceResponse":"ON","ForceResponseType":"ON","MinChoices":"1","Type":"MinChoices"}}}},{"SurveyID":"SV_4SzuMP26xlEkIBg","Element":"SQ","PrimaryAttribute":"QID31","SecondaryAttribute":"Will regulation require that hardware components for smart devices also include a bill of materia...","TertiaryAttribute":null,"Payload":{"QuestionText":"Will regulation require that hardware components for smart devices also include a bill of materials?  What is the current guidance?","DefaultChoices":false,"DataExportTag":"Q31","QuestionType":"TE","Selector":"SL","Configuration":{"QuestionDescriptionOption":"UseText"},"QuestionDescription":"Will regulation require that hardware components for smart devices also include a bill of materia...","Validation":{"Settings":{"ForceResponse":"OFF","Type":"None"}},"GradingData":[],"Language":[],"NextChoiceId":4,"NextAnswerId":1,"SearchSource":{"AllowFreeResponse":"false"},"QuestionID":"QID31"}},{"SurveyID":"SV_4SzuMP26xlEkIBg","Element":"SQ","PrimaryAttribute":"QID39","SecondaryAttribute":"Would you be willing to participate in a follow-up interview based on your responses?","TertiaryAttribute":null,"Payload":{"QuestionText":"Would you be willing to participate in a follow-up interview based on your responses?","DefaultChoices":false,"DataExportTag":"Q4","QuestionType":"MC","Selector":"SAVR","SubSelector":"TX","Configuration":{"QuestionDescriptionOption":"UseText"},"QuestionDescription":"Would you be willing to participate in a follow-up interview based on your responses?","Choices":{"1":{"Display":"Yes"},"2":{"Display":"No"}},"ChoiceOrder":["1","2"],"Validation":{"Settings":{"ForceResponse":"ON","ForceResponseType":"ON","Type":"None"}},"GradingData":[],"Language":[],"NextChoiceId":4,"NextAnswerId":1,"QuestionID":"QID39","DataVisibility":{"Private":false,"Hidden":false}}},{"SurveyID":"SV_4SzuMP26xlEkIBg","Element":"SQ","PrimaryAttribute":"QID3","SecondaryAttribute":"YOU ARE MAKING A DECISION WHETHER OR NOT TO PARTICIPATE.IF YOU WANT TO PARTICIPATE, PLEASE ENTER...","TertiaryAttribute":null,"Payload":{"Configuration":{"QuestionDescriptionOption":"UseText","InputWidth":580,"InputHeight":28},"DataExportTag":"CF2","DataVisibility":{"Hidden":false,"Private":false},"DefaultChoices":false,"GradingData":[],"Language":[],"NextAnswerId":1,"NextChoiceId":4,"QuestionDescription":"YOU ARE MAKING A DECISION WHETHER OR NOT TO PARTICIPATE.IF YOU WANT TO PARTICIPATE, PLEASE ENTER...","QuestionID":"QID3","QuestionJS":"Qualtrics.SurveyEngine.addOnload(function()\n{\n\t\/*Place your JavaScript here to run when the page loads*\/\n\tjQuery(\"<span>${date:\/\/CurrentDate\/SL}<\/span>\").insertAfter(\".SignatureBox \"); \/\/from here: https:\/\/community.qualtrics.com\/XMcommunity\/discussion\/8723\/how-to-add-a-date-stamp-with-signature\n});\n\nQualtrics.SurveyEngine.addOnReady(function()\n{\n\t\/*Place your JavaScript here to run when the page is fully displayed*\/\n\n});\n\nQualtrics.SurveyEngine.addOnUnload(function()\n{\n\t\/*Place your JavaScript here to run when the page is unloaded*\/\n\n});","QuestionText":"<span style=\"font-size:16px;\"><span id=\"docs-internal-guid-1674b397-7fff-4c62-7a9b-f8ec1fd52ff1\"><b>YOU ARE MAKING A DECISION WHETHER OR NOT TO PARTICIPATE. <\/b><br><br><b>IF YOU WANT TO PARTICIPATE, PLEASE ENTER YOUR NAME IN THE TEXT FIELD BELOW, AND START THE SURVEY.<\/b><br><br>Please enter your name.<br><\/span><\/span>","QuestionText_Unsafe":"<span style=\"font-size:16px;\"><span id=\"docs-internal-guid-1674b397-7fff-4c62-7a9b-f8ec1fd52ff1\"><b>YOU ARE MAKING A DECISION WHETHER OR NOT TO PARTICIPATE. <\/b><br><br><b>IF YOU WANT TO PARTICIPATE, PLEASE ENTER YOUR NAME IN THE TEXT FIELD BELOW, AND START THE SURVEY.<\/b><br><br>Please enter your name.<br><\/span><\/span>","QuestionType":"TE","SearchSource":{"AllowFreeResponse":"false"},"Selector":"SL","Validation":{"Settings":{"ForceResponse":"ON","ForceResponseType":"ON","Type":"None","MinChars":"1","ValidDateType":"DateWithFormat","ValidPhoneType":"ValidUSPhone","ValidZipType":"ValidUSZip","ValidNumber":{"Min":"","Max":"","NumDecimals":""}}}}}]}