{"SurveyEntry":{"SurveyID":"SV_8C9syvqHvohrZUW","SurveyName":"SBOM Survey for ML Practitioners","SurveyDescription":null,"SurveyOwnerID":"UR_da8bHobonYb4tbU","SurveyBrandID":"wmsas","DivisionID":null,"SurveyLanguage":"EN","SurveyActiveResponseSet":"RS_4ZNccSkE0Z4ghZc","SurveyStatus":"Inactive","SurveyStartDate":"0000-00-00 00:00:00","SurveyExpirationDate":"0000-00-00 00:00:00","SurveyCreationDate":"2023-02-13 15:30:44","CreatorID":"UR_da8bHobonYb4tbU","LastModified":"2024-01-22 17:22:12","LastAccessed":"0000-00-00 00:00:00","LastActivated":"2023-03-01 08:02:01","Deleted":null},"SurveyElements":[{"SurveyID":"SV_8C9syvqHvohrZUW","Element":"BL","PrimaryAttribute":"Survey Blocks","SecondaryAttribute":null,"TertiaryAttribute":null,"Payload":{"0":{"Type":"Default","Description":"SBOM Background","ID":"BL_0vwiNCJ5BYvcvJ4","BlockElements":[{"Type":"Question","QuestionID":"QID1"},{"Type":"Page Break"},{"Type":"Question","QuestionID":"QID35"},{"Type":"Question","QuestionID":"QID38"},{"Type":"Question","QuestionID":"QID7"},{"Type":"Question","QuestionID":"QID8"}],"Options":{"BlockLocking":"false","RandomizeQuestions":"false","BlockVisibility":"Expanded"}},"1":{"Type":"Trash","Description":"Trash \/ Unused Questions","ID":"BL_6GqybXmqbsLn3fg","BlockElements":[{"Type":"Question","QuestionID":"QID10"},{"Type":"Question","QuestionID":"QID31"},{"Type":"Question","QuestionID":"QID14"},{"Type":"Question","QuestionID":"QID44"},{"Type":"Question","QuestionID":"QID28"},{"Type":"Question","QuestionID":"QID11"},{"Type":"Question","QuestionID":"QID49"}]},"2":{"Type":"Standard","SubType":"","Description":"AIBOM Fields","ID":"BL_6Mq3XOjXCk0Cln0","BlockElements":[{"Type":"Question","QuestionID":"QID2"},{"Type":"Question","QuestionID":"QID3"},{"Type":"Question","QuestionID":"QID4"},{"Type":"Question","QuestionID":"QID5"},{"Type":"Question","QuestionID":"QID9"},{"Type":"Question","QuestionID":"QID36"},{"Type":"Question","QuestionID":"QID43"}],"Options":{"BlockLocking":"false","RandomizeQuestions":"false","BlockVisibility":"Expanded"}},"3":{"Type":"Standard","SubType":"","Description":"Challenges","ID":"BL_3yKvA7vb3Afl90a","BlockElements":[{"Type":"Question","QuestionID":"QID13"},{"Type":"Question","QuestionID":"QID6"},{"Type":"Question","QuestionID":"QID39"},{"Type":"Page Break"},{"Type":"Question","QuestionID":"QID41"},{"Type":"Question","QuestionID":"QID40"},{"Type":"Question","QuestionID":"QID42"},{"Type":"Question","QuestionID":"QID12"}],"Options":{"BlockLocking":"false","RandomizeQuestions":"false","BlockVisibility":"Collapsed"}},"5":{"Type":"Standard","SubType":"","Description":"Demographic Questions","ID":"BL_0eXjKORundqxnts","BlockElements":[{"Type":"Question","QuestionID":"QID1715425738"},{"Type":"Question","QuestionID":"QID1715425739"},{"Type":"Question","QuestionID":"QID1715425740"},{"Type":"Question","QuestionID":"QID1715425741"},{"Type":"Question","QuestionID":"QID1715425742"},{"Type":"Question","QuestionID":"QID1715425743"},{"Type":"Question","QuestionID":"QID1715425744"},{"Type":"Question","QuestionID":"QID1715425745"},{"Type":"Question","QuestionID":"QID1715425746"},{"Type":"Question","QuestionID":"QID1715425747"},{"Type":"Question","QuestionID":"QID1715425748"},{"Type":"Question","QuestionID":"QID46"}],"Options":{"BlockLocking":"false","RandomizeQuestions":"false","BlockVisibility":"Collapsed"}},"6":{"Type":"Standard","SubType":"","Description":"Consent","ID":"BL_0VubKB2bYr8ryke","BlockElements":[{"Type":"Question","QuestionID":"QID26"},{"Type":"Question","QuestionID":"QID27"}],"Options":{"BlockLocking":"false","RandomizeQuestions":"false","BlockVisibility":"Collapsed"}},"7":{"Type":"Standard","SubType":"","Description":"DataBOM Fields","ID":"BL_9Lg9MyNnQd1lDlY","BlockElements":[{"Type":"Question","QuestionID":"QID45"},{"Type":"Question","QuestionID":"QID29"},{"Type":"Question","QuestionID":"QID50"},{"Type":"Question","QuestionID":"QID30"},{"Type":"Question","QuestionID":"QID37"},{"Type":"Question","QuestionID":"QID32"},{"Type":"Question","QuestionID":"QID33"},{"Type":"Question","QuestionID":"QID48"},{"Type":"Question","QuestionID":"QID47"},{"Type":"Question","QuestionID":"QID34"}],"Options":{"BlockLocking":"false","RandomizeQuestions":"false","BlockVisibility":"Collapsed"}}}},{"SurveyID":"SV_8C9syvqHvohrZUW","Element":"FL","PrimaryAttribute":"Survey Flow","SecondaryAttribute":null,"TertiaryAttribute":null,"Payload":{"Type":"Root","FlowID":"FL_1","Flow":[{"Type":"Standard","ID":"BL_0VubKB2bYr8ryke","FlowID":"FL_7","Autofill":[]},{"Type":"Block","ID":"BL_0vwiNCJ5BYvcvJ4","FlowID":"FL_2","Autofill":[]},{"Type":"Standard","ID":"BL_6Mq3XOjXCk0Cln0","FlowID":"FL_3","Autofill":[]},{"Type":"Standard","ID":"BL_9Lg9MyNnQd1lDlY","FlowID":"FL_8","Autofill":[]},{"Type":"Standard","ID":"BL_3yKvA7vb3Afl90a","FlowID":"FL_4","Autofill":[]},{"Type":"Standard","ID":"BL_0eXjKORundqxnts","FlowID":"FL_6","Autofill":[]}],"Properties":{"Count":8,"RemovedFieldsets":[]}}},{"SurveyID":"SV_8C9syvqHvohrZUW","Element":"NT","PrimaryAttribute":"NT_1Hb5gGyxzcFjLUO","SecondaryAttribute":null,"TertiaryAttribute":null,"Payload":{"Notes":[{"Message":"I don't see this question for DataBOMs? do we want to ask this?","ID":"NO_cGrMxNKpgC2FGgm","UserID":"UR_bxT58vvAinHruRf","Timestamp":1677552619,"Removed":false}],"UserStatuses":{"UR_bxT58vvAinHruRf":"Expanded","UR_da8bHobonYb4tbU":"Collapsed","UR_ex1hW6CZy7Lqjvo":"Expanded"},"ParentID":"QID6","ID":"NT_1Hb5gGyxzcFjLUO"}},{"SurveyID":"SV_8C9syvqHvohrZUW","Element":"NT","PrimaryAttribute":"NT_1Y7YsunICcd7SEm","SecondaryAttribute":null,"TertiaryAttribute":null,"Payload":{"Notes":[{"Message":"This one should be only shown if people know about SBOM standards","ID":"NO_ekw1YhOGB1a5mlM","UserID":"UR_bxT58vvAinHruRf","Timestamp":1677550441,"Removed":false}],"UserStatuses":{"UR_bxT58vvAinHruRf":"Expanded","UR_da8bHobonYb4tbU":"Collapsed","UR_ex1hW6CZy7Lqjvo":"Expanded"},"ParentID":"QID4","ID":"NT_1Y7YsunICcd7SEm"}},{"SurveyID":"SV_8C9syvqHvohrZUW","Element":"NT","PrimaryAttribute":"NT_2lzVAS9d2aaZ5zM","SecondaryAttribute":null,"TertiaryAttribute":null,"Payload":{"Notes":[{"Message":"I added data scientist :) I think it may be different than ML\/DL engineer","ID":"NO_0JQzUJLQk5XvbsG","UserID":"UR_bxT58vvAinHruRf","Timestamp":1677552925,"Removed":false},{"Message":"added MLOps as well","ID":"NO_a9U6eLNVvZidwi2","UserID":"UR_bxT58vvAinHruRf","Timestamp":1677553258,"Removed":false}],"UserStatuses":{"UR_bxT58vvAinHruRf":"Expanded","UR_da8bHobonYb4tbU":"Collapsed","UR_ex1hW6CZy7Lqjvo":"Expanded"},"ParentID":"QID1715425739","ID":"NT_2lzVAS9d2aaZ5zM"}},{"SurveyID":"SV_8C9syvqHvohrZUW","Element":"NT","PrimaryAttribute":"NT_3VjZreZ59r3MVds","SecondaryAttribute":null,"TertiaryAttribute":null,"Payload":{"Notes":[{"Message":"I removed the logic for showing this definition (it is ok to provide it, even if people are familiar with SBOMs.","ID":"NO_8wFLYU04jC6fd4y","UserID":"UR_bxT58vvAinHruRf","Timestamp":1677549957,"Removed":false}],"UserStatuses":{"UR_bxT58vvAinHruRf":"Expanded","UR_da8bHobonYb4tbU":"Collapsed","UR_ex1hW6CZy7Lqjvo":"Expanded","UR_cub2zlv96qIt7uK":"Expanded"},"ParentID":"QID35","ID":"NT_3VjZreZ59r3MVds"}},{"SurveyID":"SV_8C9syvqHvohrZUW","Element":"NT","PrimaryAttribute":"NT_5avWonle7Ffkvwa","SecondaryAttribute":null,"TertiaryAttribute":null,"Payload":{"Notes":[{"Message":"Please add to these\/change them as necessary","ID":"NO_88nF6pnWfelzsr4","UserID":"UR_ex1hW6CZy7Lqjvo","Timestamp":1676398903,"Removed":true}],"UserStatuses":{"UR_ex1hW6CZy7Lqjvo":"Expanded","UR_da8bHobonYb4tbU":"Expanded"},"ParentID":"QID3","ID":"NT_5avWonle7Ffkvwa"}},{"SurveyID":"SV_8C9syvqHvohrZUW","Element":"NT","PrimaryAttribute":"NT_72pISabbDt8PNga","SecondaryAttribute":null,"TertiaryAttribute":null,"Payload":{"Notes":[{"Message":"I moved this question from the block above to this block (after we define AIBOM)","ID":"NO_cSeR347YTE6eb9I","UserID":"UR_bxT58vvAinHruRf","Timestamp":1677549062,"Removed":true}],"UserStatuses":{"UR_bxT58vvAinHruRf":"Expanded"},"ParentID":"QID8","ID":"NT_72pISabbDt8PNga"}},{"SurveyID":"SV_8C9syvqHvohrZUW","Element":"NT","PrimaryAttribute":"NT_9SvtveqgQMfpFe6","SecondaryAttribute":null,"TertiaryAttribute":null,"Payload":{"Notes":[{"Message":"No same question for DataBOMs?","ID":"NO_eQZWxCqFFOWw6B8","UserID":"UR_bxT58vvAinHruRf","Timestamp":1677552662,"Removed":false}],"UserStatuses":{"UR_bxT58vvAinHruRf":"Expanded","UR_da8bHobonYb4tbU":"Collapsed","UR_ex1hW6CZy7Lqjvo":"Expanded"},"ParentID":"QID13","ID":"NT_9SvtveqgQMfpFe6"}},{"SurveyID":"SV_8C9syvqHvohrZUW","Element":"NT","PrimaryAttribute":"NT_ahEwDHgv0Dzd9zM","SecondaryAttribute":null,"TertiaryAttribute":null,"Payload":{"Notes":[{"Message":"This feels like a long question, we may be better off separating it into two","ID":"NO_1B5Wjh5ueL8rjro","UserID":"UR_da8bHobonYb4tbU","Timestamp":1676404462,"Removed":false}],"UserStatuses":{"UR_da8bHobonYb4tbU":"Expanded","UR_ex1hW6CZy7Lqjvo":"Expanded","UR_bxT58vvAinHruRf":"Expanded"},"ParentID":"QID14","ID":"NT_ahEwDHgv0Dzd9zM"}},{"SurveyID":"SV_8C9syvqHvohrZUW","Element":"NT","PrimaryAttribute":"NT_bC2fR0hUfmQlCBg","SecondaryAttribute":null,"TertiaryAttribute":null,"Payload":{"Notes":[{"Message":"I completely rephrased this one. Is it ok?","ID":"NO_2lxTM8YDYgLM1Ce","UserID":"UR_bxT58vvAinHruRf","Timestamp":1677550965,"Removed":false}],"UserStatuses":{"UR_bxT58vvAinHruRf":"Expanded","UR_da8bHobonYb4tbU":"Expanded","UR_ex1hW6CZy7Lqjvo":"Expanded"},"ParentID":"QID5","ID":"NT_bC2fR0hUfmQlCBg"}},{"SurveyID":"SV_8C9syvqHvohrZUW","Element":"NT","PrimaryAttribute":"NT_cRMVuu9nJQxHgZU","SecondaryAttribute":null,"TertiaryAttribute":null,"Payload":{"Notes":[{"Message":"TODO: tailor the consent for AI people and change the estimated time","ID":"NO_1FzPCSF6CSMEINE","UserID":"UR_bxT58vvAinHruRf","Timestamp":1677547965,"Removed":false},{"Message":"We need to add the email question at the end of the survey","ID":"NO_1KRgs48rDl60Sqi","UserID":"UR_bxT58vvAinHruRf","Timestamp":1677553585,"Removed":false},{"Message":"I'm not sure what happened to the email question, but I added it back","ID":"NO_d4sMNqmmJ1pPTGm","UserID":"UR_da8bHobonYb4tbU","Timestamp":1677555195,"Removed":false}],"UserStatuses":{"UR_bxT58vvAinHruRf":"Expanded","UR_da8bHobonYb4tbU":"Expanded"},"ParentID":"QID26","ID":"NT_cRMVuu9nJQxHgZU"}},{"SurveyID":"SV_8C9syvqHvohrZUW","Element":"NT","PrimaryAttribute":"NT_d0a22gbhsr6ynqu","SecondaryAttribute":null,"TertiaryAttribute":null,"Payload":{"Notes":[{"Message":"I added this block temporarily because I couldn't add a note the previous Question","ID":"NO_6FIZCXS6coEwSoe","UserID":"UR_bxT58vvAinHruRf","Timestamp":1677549462,"Removed":false},{"Message":"What do we mean by \"Information about the environment the model was trained in\"","ID":"NO_0V32AqUlfLbcy46","UserID":"UR_bxT58vvAinHruRf","Timestamp":1677549497,"Removed":false},{"Message":"Can these be considered hyperparameters: Optimizers, loss functions, etc.? If so, maybe we should merge them with \"Model hyperparameters\"","ID":"NO_bCWgajKDBLeWZ9A","UserID":"UR_bxT58vvAinHruRf","Timestamp":1677549690,"Removed":false},{"Message":"I added model\/data here \"Known model\/data defects\", is this correct?","ID":"NO_cHho9ZR7X64AXQi","UserID":"UR_bxT58vvAinHruRf","Timestamp":1677550164,"Removed":false},{"Message":"I guess this question is not conditioned on SBOM familiarity because we want to know what people think an SBOM should contain, even if they are unfamiliar with SBOMs. Correct?","ID":"NO_3UJkECH9KuEbpH0","UserID":"UR_bxT58vvAinHruRf","Timestamp":1677550322,"Removed":false},{"Message":"Yes, this question can be answered even by people who are unfamiliar with SBOM","ID":"NO_6m0tuqWQpQup0uq","UserID":"UR_da8bHobonYb4tbU","Timestamp":1677555317,"Removed":false},{"Message":"I think during our last meeting we discussed the hyper parameter issue and decided that the two were probably related, but we might as well leave them separate and let the participant decide.  The hyper-parameters could also be things like the learning rate","ID":"NO_agEnCRdyn3RyvFI","UserID":"UR_da8bHobonYb4tbU","Timestamp":1677555391,"Removed":false},{"Message":"The information about the environment a model was trained in would have information about Operating System (may it was trained in a virtual machine), the learning framework used, and maybe hardware used for training.  Things of that nature","ID":"NO_8k9DC6y7bFYFFoG","UserID":"UR_da8bHobonYb4tbU","Timestamp":1677555549,"Removed":false}],"UserStatuses":{"UR_bxT58vvAinHruRf":"Expanded","UR_da8bHobonYb4tbU":"Expanded"},"ParentID":"QID44","ID":"NT_d0a22gbhsr6ynqu"}},{"SurveyID":"SV_8C9syvqHvohrZUW","Element":"NT","PrimaryAttribute":"NT_eXN2qP7aPfM9Kg6","SecondaryAttribute":null,"TertiaryAttribute":null,"Payload":{"Notes":[{"Message":"We may need to define a DataBOM more specifically","ID":"NO_9z8134eoIGctMN0","UserID":"UR_bxT58vvAinHruRf","Timestamp":1677552228,"Removed":false},{"Message":"For example, I think one big thing about a databom is data sources, where the data came from (other datasets? repositories? human-based measurements\/data from experiments? execution of a software?, etc)","ID":"NO_cOUsBX943ySglv0","UserID":"UR_bxT58vvAinHruRf","Timestamp":1677554364,"Removed":false},{"Message":"I agree that those are important, but we don't want to bias any responses that we get.  We can add any of those to the list of things that should be included in a databom question","ID":"NO_78Pn2LJJqQKOeSq","UserID":"UR_da8bHobonYb4tbU","Timestamp":1677555705,"Removed":false},{"Message":"@Oscar: I think those would be good follow up questions for the interviews","ID":"NO_bCUYrgeK9yfnCXs","UserID":"UR_cub2zlv96qIt7uK","Timestamp":1677641816,"Removed":false}],"UserStatuses":{"UR_bxT58vvAinHruRf":"Expanded","UR_da8bHobonYb4tbU":"Collapsed","UR_ex1hW6CZy7Lqjvo":"Expanded","UR_cub2zlv96qIt7uK":"Expanded"},"ParentID":"QID45","ID":"NT_eXN2qP7aPfM9Kg6"}},{"SurveyID":"SV_8C9syvqHvohrZUW","Element":"PL","PrimaryAttribute":"Preview Link","SecondaryAttribute":null,"TertiaryAttribute":null,"Payload":{"PreviewType":"Brand","PreviewID":"b782bb32-62c4-45cd-94a4-48002e78cf1a"}},{"SurveyID":"SV_8C9syvqHvohrZUW","Element":"SO","PrimaryAttribute":"Survey Options","SecondaryAttribute":null,"TertiaryAttribute":null,"Payload":{"BackButton":"true","SaveAndContinue":"true","SurveyProtection":"PublicSurvey","BallotBoxStuffingPrevention":"false","NoIndex":"Yes","SecureResponseFiles":"true","SurveyExpiration":"None","SurveyTermination":"DefaultMessage","Header":"","Footer":"","ProgressBarDisplay":"NoText","PartialData":"+1 year","ValidationMessage":null,"PreviousButton":" \u2190 ","NextButton":" \u2192 ","SurveyTitle":"Qualtrics Survey | Qualtrics Experience Management","SkinLibrary":"wmsas","SkinType":"MQ","Skin":"wmsas2","NewScoring":1,"SurveyMetaDescription":"The most powerful, simple and trusted way to gather experience data. Start your journey to experience management and try a free account today.","EOSMessage":null,"ShowExportTags":"false","CollectGeoLocation":"false","PasswordProtection":"No","AnonymizeResponse":"No","RefererCheck":"No","UseCustomSurveyLinkCompletedMessage":null,"SurveyLinkCompletedMessage":null,"SurveyLinkCompletedMessageLibrary":null,"ResponseSummary":"No","EOSMessageLibrary":null,"EOSRedirectURL":null,"EmailThankYou":"false","ThankYouEmailMessageLibrary":null,"ThankYouEmailMessage":null,"ValidateMessage":"false","ValidationMessageLibrary":null,"InactiveSurvey":"DefaultMessage","PartialDeletion":null,"PartialDataCloseAfter":"LastActivity","InactiveMessageLibrary":null,"InactiveMessage":null,"AvailableLanguages":{"EN":[]},"ProtectSelectionIds":true}},{"SurveyID":"SV_8C9syvqHvohrZUW","Element":"SCO","PrimaryAttribute":"Scoring","SecondaryAttribute":null,"TertiaryAttribute":null,"Payload":{"ScoringCategories":[],"ScoringCategoryGroups":[],"ScoringSummaryCategory":null,"ScoringSummaryAfterQuestions":0,"ScoringSummaryAfterSurvey":0,"DefaultScoringCategory":null,"AutoScoringCategory":null}},{"SurveyID":"SV_8C9syvqHvohrZUW","Element":"PROJ","PrimaryAttribute":"CORE","SecondaryAttribute":null,"TertiaryAttribute":"1.1.0","Payload":{"ProjectCategory":"CORE","SchemaVersion":"1.1.0"}},{"SurveyID":"SV_8C9syvqHvohrZUW","Element":"STAT","PrimaryAttribute":"Survey Statistics","SecondaryAttribute":null,"TertiaryAttribute":null,"Payload":{"MobileCompatible":true,"ID":"Survey Statistics"}},{"SurveyID":"SV_8C9syvqHvohrZUW","Element":"SQ","PrimaryAttribute":"QID44","SecondaryAttribute":" ","TertiaryAttribute":null,"Payload":{"QuestionText":"&nbsp;","DefaultChoices":false,"DataExportTag":"Q44","QuestionID":"QID44","QuestionType":"DB","Selector":"TB","Configuration":{"QuestionDescriptionOption":"UseText"},"QuestionDescription":" ","ChoiceOrder":[],"Validation":{"Settings":{"Type":"None"}},"GradingData":[],"Language":[],"NextChoiceId":4,"NextAnswerId":1,"DataVisibility":{"Private":false,"Hidden":false}}},{"SurveyID":"SV_8C9syvqHvohrZUW","Element":"SQ","PrimaryAttribute":"QID28","SecondaryAttribute":"(Optional) Please describe any preliminary solutions to the problems you outlined in the previous...","TertiaryAttribute":null,"Payload":{"QuestionText":"(Optional) Please describe any preliminary solutions to the problems you outlined in the previous question (if at all).","DefaultChoices":false,"DataExportTag":"C3","QuestionType":"TE","Selector":"ESTB","Configuration":{"QuestionDescriptionOption":"UseText","InputWidth":680,"InputHeight":154},"QuestionDescription":"(Optional) Please describe any preliminary solutions to the problems you outlined in the previous...","Validation":{"Settings":{"ForceResponse":"OFF","ForceResponseType":"ON","Type":"None"}},"GradingData":[],"Language":[],"NextChoiceId":4,"NextAnswerId":1,"SearchSource":{"AllowFreeResponse":"false"},"QuestionID":"QID28","DataVisibility":{"Private":false,"Hidden":false}}},{"SurveyID":"SV_8C9syvqHvohrZUW","Element":"SQ","PrimaryAttribute":"QID49","SecondaryAttribute":"(Optional) Please describe any preliminary solutions to the problems you outlined in the previous...","TertiaryAttribute":null,"Payload":{"QuestionText":"(Optional) Please describe any preliminary solutions to the problems you outlined in the previous question (if at all).","DefaultChoices":false,"DataExportTag":"D8","QuestionID":"QID49","QuestionType":"TE","Selector":"ESTB","Configuration":{"QuestionDescriptionOption":"UseText","InputWidth":680,"InputHeight":127},"QuestionDescription":"(Optional) Please describe any preliminary solutions to the problems you outlined in the previous...","Validation":{"Settings":{"ForceResponse":"OFF","Type":"None"}},"GradingData":[],"Language":[],"NextChoiceId":4,"NextAnswerId":1,"SearchSource":{"AllowFreeResponse":"false"}}},{"SurveyID":"SV_8C9syvqHvohrZUW","Element":"QC","PrimaryAttribute":"Survey Question Count","SecondaryAttribute":"50","TertiaryAttribute":null,"Payload":null},{"SurveyID":"SV_8C9syvqHvohrZUW","Element":"SQ","PrimaryAttribute":"QID8","SecondaryAttribute":"Are you aware of any existing SBOM standards \/ specifications for ML\/DL systems (AIBOMs)?","TertiaryAttribute":null,"Payload":{"QuestionText":"Are you aware of any existing SBOM standards \/ specifications for ML\/DL systems (AIBOMs)?<br>","DataExportTag":"B3","QuestionType":"MC","Selector":"SAVR","SubSelector":"TX","Configuration":{"QuestionDescriptionOption":"UseText"},"QuestionDescription":"Are you aware of any existing SBOM standards \/ specifications for ML\/DL systems (AIBOMs)?","Choices":{"1":{"Display":"Yes (please list them)","TextEntry":"true","TextEntryForceResponse":true},"2":{"Display":"No"}},"ChoiceOrder":[1,2],"Validation":{"Settings":{"ForceResponse":"ON","ForceResponseType":"ON","Type":"None"}},"Language":[],"NextChoiceId":3,"NextAnswerId":1,"QuestionID":"QID8","DisplayLogic":{"0":{"0":{"ChoiceLocator":"q:\/\/QID1\/SelectableChoice\/1","Description":"<span class=\"ConjDesc\">If<\/span> <span class=\"QuestionDesc\">Are you familiar with the concept of Software Bill of Materials (SBOM)?<\/span> <span class=\"LeftOpDesc\">Yes<\/span> <span class=\"OpDesc\">Is Selected<\/span> ","LeftOperand":"q:\/\/QID1\/SelectableChoice\/1","LogicType":"Question","Operator":"Selected","QuestionID":"QID1","QuestionIDFromLocator":"QID1","QuestionIsInLoop":"no","Type":"Expression"},"Type":"If"},"Type":"BooleanExpression","inPage":false},"DataVisibility":{"Private":false,"Hidden":false}}},{"SurveyID":"SV_8C9syvqHvohrZUW","Element":"SQ","PrimaryAttribute":"QID50","SecondaryAttribute":"Are you aware of any existing standards for DataBOMs?","TertiaryAttribute":null,"Payload":{"QuestionText":"Are you aware of any existing standards for DataBOMs?<br>","DataExportTag":"D2","QuestionType":"MC","Selector":"SAVR","SubSelector":"TX","DataVisibility":{"Private":false,"Hidden":false},"Configuration":{"QuestionDescriptionOption":"UseText"},"QuestionDescription":"Are you aware of any existing standards for DataBOMs?","Choices":{"1":{"Display":"Yes (please list them)","TextEntry":"true","TextEntryForceResponse":true},"2":{"Display":"No"}},"ChoiceOrder":[1,2],"Validation":{"Settings":{"ForceResponse":"ON","ForceResponseType":"ON","Type":"None"}},"Language":[],"NextChoiceId":3,"NextAnswerId":1,"QuestionID":"QID50","DisplayLogic":{"0":{"0":{"ChoiceLocator":"q:\/\/QID1\/SelectableChoice\/1","Description":"<span class=\"ConjDesc\">If<\/span> <span class=\"QuestionDesc\">Are you familiar with the concept of Software Bill of Materials (SBOM)?<\/span> <span class=\"LeftOpDesc\">Yes<\/span> <span class=\"OpDesc\">Is Selected<\/span> ","LeftOperand":"q:\/\/QID1\/SelectableChoice\/1","LogicType":"Question","Operator":"Selected","QuestionID":"QID1","QuestionIDFromLocator":"QID1","QuestionIsInLoop":"no","Type":"Expression"},"Type":"If"},"Type":"BooleanExpression","inPage":false}}},{"SurveyID":"SV_8C9syvqHvohrZUW","Element":"SQ","PrimaryAttribute":"QID31","SecondaryAttribute":"Are you aware of any tools that generate DataBOMs?","TertiaryAttribute":null,"Payload":{"QuestionText":"Are you aware of any tools that generate DataBOMs?","DefaultChoices":false,"DataExportTag":"D3","QuestionID":"QID31","QuestionType":"MC","Selector":"SAVR","SubSelector":"TX","Configuration":{"QuestionDescriptionOption":"UseText","Autoscale":{"YScale":{"Name":"yesNo","Type":"likert","Reverse":false}}},"QuestionDescription":"Are you aware of any tools that generate DataBOMs?","Choices":{"1":{"Display":"No"},"2":{"Display":"Yes"}},"ChoiceOrder":[1,2],"Validation":{"Settings":{"ForceResponse":"OFF","Type":"None"}},"GradingData":[],"Language":[],"NextChoiceId":3,"NextAnswerId":1,"DataVisibility":{"Private":false,"Hidden":false}}},{"SurveyID":"SV_8C9syvqHvohrZUW","Element":"SQ","PrimaryAttribute":"QID37","SecondaryAttribute":"Are you aware of any tools that generate DataBOMs?","TertiaryAttribute":null,"Payload":{"QuestionText":"Are you aware of any tools that generate DataBOMs?","DataExportTag":"D4","QuestionType":"MC","Selector":"SAVR","SubSelector":"TX","DataVisibility":{"Private":false,"Hidden":false},"Configuration":{"QuestionDescriptionOption":"UseText"},"QuestionDescription":"Are you aware of any tools that generate DataBOMs?","Choices":{"1":{"Display":"Yes (please list them)","TextEntry":"true","TextEntryForceResponse":true},"2":{"Display":"No"}},"ChoiceOrder":[1,2],"Validation":{"Settings":{"ForceResponse":"ON","ForceResponseType":"ON","Type":"None"}},"Language":[],"NextChoiceId":3,"NextAnswerId":1,"QuestionID":"QID37"}},{"SurveyID":"SV_8C9syvqHvohrZUW","Element":"SQ","PrimaryAttribute":"QID9","SecondaryAttribute":"Are you aware of any tools which currently facilitate the automatic generation of AIBOMs?","TertiaryAttribute":null,"Payload":{"QuestionText":"Are you aware of any tools which currently facilitate the automatic generation of AIBOMs?<br>","DataExportTag":"AI5","QuestionType":"MC","Selector":"SAVR","SubSelector":"TX","Configuration":{"QuestionDescriptionOption":"UseText"},"QuestionDescription":"Are you aware of any tools which currently facilitate the automatic generation of AIBOMs?","Choices":{"1":{"Display":"Yes (please list them)","TextEntry":"true","TextEntryForceResponse":true},"2":{"Display":"No"}},"ChoiceOrder":[1,2],"Validation":{"Settings":{"ForceResponse":"ON","ForceResponseType":"ON","Type":"None"}},"Language":[],"NextChoiceId":3,"NextAnswerId":1,"QuestionID":"QID9","DataVisibility":{"Private":false,"Hidden":false}}},{"SurveyID":"SV_8C9syvqHvohrZUW","Element":"SQ","PrimaryAttribute":"QID1","SecondaryAttribute":"Are you familiar with the concept of Software Bill of Materials (SBOM)?","TertiaryAttribute":null,"Payload":{"QuestionText":"Are you familiar with the concept of Software Bill of Materials (SBOM)?<br>","DataExportTag":"B1","QuestionType":"MC","Selector":"SAVR","SubSelector":"TX","Configuration":{"QuestionDescriptionOption":"UseText"},"QuestionDescription":"Are you familiar with the concept of Software Bill of Materials (SBOM)?","Choices":{"1":{"Display":"Yes"},"2":{"Display":"No"}},"ChoiceOrder":[1,2],"Validation":{"Settings":{"ForceResponse":"ON","ForceResponseType":"ON","Type":"None"}},"Language":[],"NextChoiceId":3,"NextAnswerId":1,"QuestionID":"QID1","DataVisibility":{"Private":false,"Hidden":false}}},{"SurveyID":"SV_8C9syvqHvohrZUW","Element":"SQ","PrimaryAttribute":"QID4","SecondaryAttribute":"Can SBOMs of ML\/DL systems (AIBOMs) follow the same current SBOM specifications and standards?","TertiaryAttribute":null,"Payload":{"QuestionText":"Can SBOMs of ML\/DL systems (AIBOMs) follow the same current SBOM specifications and standards?<br>","DataExportTag":"AI3","QuestionType":"MC","Selector":"SAVR","SubSelector":"TX","Configuration":{"QuestionDescriptionOption":"UseText"},"QuestionDescription":"Can SBOMs of ML\/DL systems (AIBOMs) follow the same current SBOM specifications and standards?","Choices":{"1":{"Display":"Yes, current SBOMs can be adapted to support AI systems"},"2":{"Display":"No, an entirely new solution is necessary"},"3":{"Display":"I don't know"}},"ChoiceOrder":[1,2,"3"],"Validation":{"Settings":{"ForceResponse":"ON","ForceResponseType":"ON","Type":"None"}},"Language":[],"NextChoiceId":4,"NextAnswerId":1,"QuestionID":"QID4","DataVisibility":{"Private":false,"Hidden":false},"DisplayLogic":{"0":{"0":{"ChoiceLocator":"q:\/\/QID1\/SelectableChoice\/1","Description":"<span class=\"ConjDesc\">If<\/span> <span class=\"QuestionDesc\">Are you familiar with the concept of Software Bill of Materials (SBOM)?<\/span> <span class=\"LeftOpDesc\">Yes<\/span> <span class=\"OpDesc\">Is Selected<\/span> ","LeftOperand":"q:\/\/QID1\/SelectableChoice\/1","LogicType":"Question","Operator":"Selected","QuestionID":"QID1","QuestionIDFromLocator":"QID1","QuestionIsInLoop":"no","Type":"Expression"},"1":{"ChoiceLocator":"q:\/\/QID7\/SelectableChoice\/5","Conjuction":"And","Description":"<span class=\"ConjDesc\">And<\/span> <span class=\"QuestionDesc\">Which of the following SBOM formats are you familiar with? Select all that apply.<\/span> <span class=\"LeftOpDesc\">None of the above<\/span> <span class=\"OpDesc\">Is Not Selected<\/span> ","LeftOperand":"q:\/\/QID7\/SelectableChoice\/5","LogicType":"Question","Operator":"NotSelected","QuestionID":"QID7","QuestionIDFromLocator":"QID7","QuestionIsInLoop":"no","Type":"Expression"},"Type":"If"},"Type":"BooleanExpression","inPage":false},"AnalyzeChoices":{"3":"No"}}},{"SurveyID":"SV_8C9syvqHvohrZUW","Element":"RS","PrimaryAttribute":"RS_4ZNccSkE0Z4ghZc","SecondaryAttribute":"Default Response Set","TertiaryAttribute":null,"Payload":null},{"SurveyID":"SV_8C9syvqHvohrZUW","Element":"SQ","PrimaryAttribute":"QID40","SecondaryAttribute":"Do vulnerability databases (such as CVE) exist for datasets of ML\/DL systems?","TertiaryAttribute":null,"Payload":{"QuestionText":"Do vulnerability databases (such as CVE) exist for datasets of ML\/DL systems?","DefaultChoices":false,"DataExportTag":"C5","QuestionType":"MC","Selector":"SAVR","SubSelector":"TX","DataVisibility":{"Private":false,"Hidden":false},"Configuration":{"QuestionDescriptionOption":"UseText","InputWidth":680,"InputHeight":137},"QuestionDescription":"Do vulnerability databases (such as CVE) exist for datasets of ML\/DL systems?","Choices":{"1":{"Display":"Yes (please list them)","TextEntry":"true","TextEntryForceResponse":true},"2":{"Display":"No"},"3":{"Display":"I don't know"}},"ChoiceOrder":[1,2,3],"Validation":{"Settings":{"ForceResponse":"ON","ForceResponseType":"ON","Type":"None"}},"GradingData":[],"Language":[],"NextChoiceId":4,"NextAnswerId":1,"QuestionID":"QID40","AnalyzeChoices":{"3":"No"}}},{"SurveyID":"SV_8C9syvqHvohrZUW","Element":"SQ","PrimaryAttribute":"QID39","SecondaryAttribute":"Do vulnerability databases (such as CVE) exist for ML\/DL systems?","TertiaryAttribute":null,"Payload":{"QuestionText":"Do vulnerability databases (such as CVE) exist for ML\/DL systems?","DefaultChoices":false,"DataExportTag":"C3","QuestionID":"QID39","QuestionType":"MC","Selector":"SAVR","SubSelector":"TX","Configuration":{"QuestionDescriptionOption":"UseText"},"QuestionDescription":"Do vulnerability databases (such as CVE) exist for ML\/DL systems?","Choices":{"1":{"Display":"Yes (please list them)","TextEntry":"true","TextEntryForceResponse":true},"2":{"Display":"No"},"3":{"Display":"I don't know"}},"ChoiceOrder":[1,2,3],"Validation":{"Settings":{"ForceResponse":"ON","ForceResponseType":"ON","Type":"None"}},"GradingData":[],"Language":[],"NextChoiceId":4,"NextAnswerId":1,"DataVisibility":{"Private":false,"Hidden":false}}},{"SurveyID":"SV_8C9syvqHvohrZUW","Element":"SQ","PrimaryAttribute":"QID1715425745","SecondaryAttribute":"Do you have a background in computer security? Formal (college classes, degree, certification) or...","TertiaryAttribute":null,"Payload":{"QuestionText":"Do you have a background in computer security?  Formal (college classes, degree, certification) or informal (self-learning or other training)?","DefaultChoices":false,"QuestionType":"MC","Selector":"SAVR","SubSelector":"TX","Configuration":{"QuestionDescriptionOption":"UseText"},"QuestionDescription":"Do you have a background in computer security? Formal (college classes, degree, certification) or...","Choices":{"1":{"Display":"Yes, formal"},"2":{"Display":"Yes, informal"},"3":{"Display":"No"}},"ChoiceOrder":[1,2,3],"Validation":{"Settings":{"ForceResponse":"ON","ForceResponseType":"ON","Type":"None"}},"GradingData":[],"Language":[],"NextChoiceId":4,"NextAnswerId":1,"DataVisibility":{"Private":false,"Hidden":false},"QuestionText_Unsafe":"Do you have a background in computer security?  Formal (college classes, degree, certification) or informal (self-learning or other training)?","DataExportTag":"Q8","QuestionID":"QID1715425745"}},{"SurveyID":"SV_8C9syvqHvohrZUW","Element":"SQ","PrimaryAttribute":"QID1715425746","SecondaryAttribute":"Do you have a background in software licensing? Formal (college classes, degree, certification) o...","TertiaryAttribute":null,"Payload":{"QuestionText":"Do you have a background in software licensing?  Formal (college classes, degree, certification) or informal (self-learning or other training)?","DefaultChoices":false,"QuestionType":"MC","Selector":"SAVR","SubSelector":"TX","Configuration":{"QuestionDescriptionOption":"UseText"},"QuestionDescription":"Do you have a background in software licensing? Formal (college classes, degree, certification) o...","Choices":{"1":{"Display":"Yes, formal"},"2":{"Display":"Yes, informal"},"3":{"Display":"No"}},"ChoiceOrder":[1,2,3],"Validation":{"Settings":{"ForceResponse":"ON","ForceResponseType":"ON","Type":"None"}},"GradingData":[],"Language":[],"NextChoiceId":4,"NextAnswerId":1,"DataVisibility":{"Private":false,"Hidden":false},"QuestionText_Unsafe":"Do you have a background in software licensing?  Formal (college classes, degree, certification) or informal (self-learning or other training)?","DataExportTag":"Q9","QuestionID":"QID1715425746"}},{"SurveyID":"SV_8C9syvqHvohrZUW","Element":"SQ","PrimaryAttribute":"QID1715425743","SecondaryAttribute":"Do you primarily work on open source or closed source projects?","TertiaryAttribute":null,"Payload":{"QuestionText":"Do you primarily work on open source or closed source projects?","DefaultChoices":false,"QuestionType":"MC","Selector":"SAVR","SubSelector":"TX","Configuration":{"QuestionDescriptionOption":"UseText"},"QuestionDescription":"Do you primarily work on open source or closed source projects?","Choices":{"1":{"Display":"Open source only"},"2":{"Display":"Closed source only"},"3":{"Display":"Open and closed source"}},"ChoiceOrder":[1,2,3],"Validation":{"Settings":{"ForceResponse":"ON","ForceResponseType":"ON","Type":"None"}},"GradingData":[],"Language":[],"NextChoiceId":4,"NextAnswerId":1,"DataVisibility":{"Private":false,"Hidden":false},"QuestionText_Unsafe":"Do you primarily work on open source or closed source projects?","DataExportTag":"Q6","QuestionID":"QID1715425743"}},{"SurveyID":"SV_8C9syvqHvohrZUW","Element":"SQ","PrimaryAttribute":"QID1715425744","SecondaryAttribute":"For which domains (e.g., banking or healthcare) have you developed applications \/ systems?","TertiaryAttribute":null,"Payload":{"QuestionText":"For which domains (e.g., banking or healthcare) have you developed applications \/ systems?","DefaultChoices":false,"QuestionType":"TE","Selector":"SL","Configuration":{"QuestionDescriptionOption":"UseText"},"QuestionDescription":"For which domains (e.g., banking or healthcare) have you developed applications \/ systems?","Validation":{"Settings":{"ForceResponse":"ON","ForceResponseType":"ON","Type":"None"}},"GradingData":[],"Language":[],"NextChoiceId":4,"NextAnswerId":1,"SearchSource":{"AllowFreeResponse":"false"},"DataVisibility":{"Private":false,"Hidden":false},"QuestionText_Unsafe":"For which domains (e.g., banking or healthcare) have you developed applications \/ systems?","DataExportTag":"Q7","QuestionID":"QID1715425744"}},{"SurveyID":"SV_8C9syvqHvohrZUW","Element":"SQ","PrimaryAttribute":"QID12","SecondaryAttribute":"Given recent concerns regarding scraped public material being included in machine\/deep learning d...","TertiaryAttribute":null,"Payload":{"QuestionText":"Given recent concerns regarding scraped public material being included in machine\/deep learning datasets, how should AIBOMs address licensed material, if at all?","DefaultChoices":false,"DataExportTag":"C7","QuestionID":"QID12","QuestionType":"TE","Selector":"ESTB","Configuration":{"QuestionDescriptionOption":"UseText","InputWidth":680,"InputHeight":130},"QuestionDescription":"Given recent concerns regarding scraped public material being included in machine\/deep learning d...","Validation":{"Settings":{"ForceResponse":"ON","ForceResponseType":"ON","Type":"None"}},"GradingData":[],"Language":[],"NextChoiceId":4,"NextAnswerId":1,"SearchSource":{"AllowFreeResponse":"false"},"DataVisibility":{"Private":false,"Hidden":false}}},{"SurveyID":"SV_8C9syvqHvohrZUW","Element":"SQ","PrimaryAttribute":"QID43","SecondaryAttribute":"How can we ensure that AIBOMs\u00a0completely and correctly report all the dependencies of ML\/DL systems","TertiaryAttribute":null,"Payload":{"QuestionText":"How can we ensure that AIBOMs&nbsp;completely and correctly report all the dependencies of ML\/DL systems?<br>","DefaultChoices":false,"DataExportTag":"AI7","QuestionID":"QID43","QuestionType":"TE","Selector":"ESTB","Configuration":{"QuestionDescriptionOption":"UseText","InputWidth":651,"InputHeight":188},"QuestionDescription":"How can we ensure that AIBOMs\u00a0completely and correctly report all the dependencies of ML\/DL systems?","Validation":{"Settings":{"ForceResponse":"ON","ForceResponseType":"ON","Type":"None"}},"GradingData":[],"Language":[],"NextChoiceId":4,"NextAnswerId":1,"SearchSource":{"AllowFreeResponse":"false"},"DataVisibility":{"Private":false,"Hidden":false}}},{"SurveyID":"SV_8C9syvqHvohrZUW","Element":"SQ","PrimaryAttribute":"QID34","SecondaryAttribute":"How can we ensure that DataBOMs completely and correctly report all the dependencies and\/or compo...","TertiaryAttribute":null,"Payload":{"QuestionText":"How can we ensure that DataBOMs completely and correctly report all the dependencies and\/or components of datasets used by ML\/DL systems?<br>","DefaultChoices":false,"DataExportTag":"D9","QuestionType":"TE","Selector":"ESTB","Configuration":{"QuestionDescriptionOption":"UseText","InputWidth":658,"InputHeight":131},"QuestionDescription":"How can we ensure that DataBOMs completely and correctly report all the dependencies and\/or compo...","Validation":{"Settings":{"ForceResponse":"ON","ForceResponseType":"ON","Type":"None"}},"GradingData":[],"Language":[],"NextChoiceId":4,"NextAnswerId":1,"SearchSource":{"AllowFreeResponse":"false"},"QuestionID":"QID34","DataVisibility":{"Private":false,"Hidden":false}}},{"SurveyID":"SV_8C9syvqHvohrZUW","Element":"SQ","PrimaryAttribute":"QID10","SecondaryAttribute":"How can we validate the accuracy of a generated AIBOM?","TertiaryAttribute":null,"Payload":{"QuestionText":"How can we validate the accuracy of a generated AIBOM?","DefaultChoices":false,"DataExportTag":"Q10","QuestionID":"QID10","QuestionType":"TE","Selector":"ML","Configuration":{"QuestionDescriptionOption":"UseText"},"QuestionDescription":"How can we validate the accuracy of a generated AIBOM?","Validation":{"Settings":{"ForceResponse":"OFF","Type":"None"}},"GradingData":[],"Language":[],"NextChoiceId":4,"NextAnswerId":1,"SearchSource":{"AllowFreeResponse":"false"},"DataVisibility":{"Private":false,"Hidden":false}}},{"SurveyID":"SV_8C9syvqHvohrZUW","Element":"SQ","PrimaryAttribute":"QID1715425738","SecondaryAttribute":"How many years of experience developing machine\/deep learning systems do you have?","TertiaryAttribute":null,"Payload":{"QuestionText":"How many years of experience developing machine\/deep learning systems do you have?","DefaultChoices":false,"QuestionType":"TE","Selector":"SL","Configuration":{"QuestionDescriptionOption":"UseText"},"QuestionDescription":"How many years of experience developing machine\/deep learning systems do you have?","Validation":{"Settings":{"ForceResponse":"ON","ForceResponseType":"ON","Type":"ContentType","MinChars":"1","ContentType":"ValidNumber","ValidDateType":"DateWithFormat","ValidPhoneType":"ValidUSPhone","ValidZipType":"ValidUSZip","ValidNumber":{"Min":"0","Max":"","NumDecimals":""}}},"GradingData":[],"Language":[],"NextChoiceId":4,"NextAnswerId":1,"SearchSource":{"AllowFreeResponse":"false"},"DataVisibility":{"Private":false,"Hidden":false},"QuestionText_Unsafe":"How many years of experience in software development do you have?","DataExportTag":"Q1","QuestionID":"QID1715425738"}},{"SurveyID":"SV_8C9syvqHvohrZUW","Element":"SQ","PrimaryAttribute":"QID1715425747","SecondaryAttribute":"How often did you release or help release a new major version of an application \/ software over t...","TertiaryAttribute":null,"Payload":{"QuestionText":"How often did you release or help release a new major version of an application \/ software over the past two years? <br><br>Please give your best estimate; if you develop more than one software \/ application, please answer based on the most frequently updated software \/ application.","DefaultChoices":false,"QuestionType":"MC","Selector":"SAVR","SubSelector":"TX","Configuration":{"QuestionDescriptionOption":"UseText"},"QuestionDescription":"How often did you release or help release a new major version of an application \/ software over t...","Choices":{"1":{"Display":"Never"},"2":{"Display":"Annually"},"3":{"Display":"Quarterly"},"4":{"Display":"Monthly"},"5":{"Display":"More frequently"}},"ChoiceOrder":[1,2,3,4,5],"Validation":{"Settings":{"ForceResponse":"ON","ForceResponseType":"ON","Type":"None"}},"GradingData":[],"Language":[],"NextChoiceId":6,"NextAnswerId":1,"DataVisibility":{"Private":false,"Hidden":false},"QuestionText_Unsafe":"How often did you release or help release a new major version of an application \/ software over the past two years?  Please give your best estimate; if you develop more than one software \/ application, please answer based on the most frequently updated software \/ application.","DataExportTag":"Q10","QuestionID":"QID1715425747"}},{"SurveyID":"SV_8C9syvqHvohrZUW","Element":"SQ","PrimaryAttribute":"QID33","SecondaryAttribute":"How should DataBOMs be shared \/ distributed? Rank by preference (by dragging the options).","TertiaryAttribute":null,"Payload":{"QuestionText":"How should DataBOMs be shared \/ distributed? Rank by preference (by dragging the options).","DefaultChoices":false,"DataExportTag":"D6","QuestionID":"QID33","QuestionType":"RO","Selector":"DND","SubSelector":"TX","Configuration":{"QuestionDescriptionOption":"UseText"},"QuestionDescription":"How should DataBOMs be shared \/ distributed? Rank by preference (by dragging the options).","Choices":{"1":{"Display":"Stored with a trusted third party"},"2":{"Display":"Located alongside the dataset"},"3":{"Display":"Downloadable from maintainer or owner website"},"4":{"Display":"Available from owner upon request"},"5":{"Display":"Other(s)","TextEntry":"true"}},"ChoiceOrder":[1,2,3,4,5],"Validation":{"Settings":{"ForceResponse":"ON","ForceResponseType":"ON","Type":"None"}},"GradingData":[],"Language":[],"NextChoiceId":6,"NextAnswerId":1,"DataVisibility":{"Private":false,"Hidden":false}}},{"SurveyID":"SV_8C9syvqHvohrZUW","Element":"SQ","PrimaryAttribute":"QID1715425739","SecondaryAttribute":"How would you describe your primary role?","TertiaryAttribute":null,"Payload":{"QuestionText":"How would you describe your primary role?","DefaultChoices":false,"QuestionType":"MC","Selector":"SAVR","SubSelector":"TX","Configuration":{"QuestionDescriptionOption":"UseText","InputWidth":680,"InputHeight":162},"QuestionDescription":"How would you describe your primary role?","Choices":{"1":{"Display":"Programmer"},"2":{"Display":"Tester"},"3":{"Display":"Project Lead"},"4":{"Display":"Project Manager"},"5":{"Display":"IT Manager"},"6":{"Display":"DevOps Engineer"},"7":{"Display":"MLOps Engineer"},"8":{"Display":"ML\/DL Engineer"},"9":{"Display":"Data scientist"},"10":{"Display":"Other (please specify)","TextEntry":"true","TextEntryForceResponse":true}},"ChoiceOrder":[1,2,3,4,5,6,7,8,9,10],"Validation":{"Settings":{"ForceResponse":"ON","ForceResponseType":"ON","Type":"None"}},"GradingData":[],"Language":[],"NextChoiceId":11,"NextAnswerId":1,"DataVisibility":{"Private":false,"Hidden":false},"QuestionText_Unsafe":"How would you describe your primary role?","DataExportTag":"Q2","QuestionID":"QID1715425739"}},{"SurveyID":"SV_8C9syvqHvohrZUW","Element":"SQ","PrimaryAttribute":"QID36","SecondaryAttribute":"How would you prefer AIBOMs be distributed? Rank by preference (by dragging the options).","TertiaryAttribute":null,"Payload":{"ChoiceOrder":[1,2,3,4,5,6],"Choices":{"1":{"Display":"Stored with trusted third party"},"2":{"Display":"Located in repositories along with source code or model"},"3":{"Display":"Downloadable from project website"},"4":{"Display":"Available from the project developers upon request"},"5":{"Display":"Attached to software binaries"},"6":{"Display":"Other(s)","TextEntry":"true"}},"Configuration":{"QuestionDescriptionOption":"UseText"},"DataExportTag":"AI6","DataVisibility":{"Hidden":false,"Private":false},"DefaultChoices":false,"GradingData":[],"Language":[],"NextAnswerId":4,"NextChoiceId":7,"QuestionDescription":"How would you prefer AIBOMs be distributed? Rank by preference (by dragging the options).","QuestionID":"QID36","QuestionText":"How would you prefer AIBOMs be distributed? Rank by preference (by dragging the options).<br>","QuestionText_Unsafe":"How would you prefer SBOMs be distributed? Rank by preference by dragging the options.<br>","QuestionType":"RO","Selector":"DND","SubSelector":"TX","Validation":{"Settings":{"ForceResponse":"ON","ForceResponseType":"ON","Type":"None"}}}},{"SurveyID":"SV_8C9syvqHvohrZUW","Element":"SQ","PrimaryAttribute":"QID45","SecondaryAttribute":"In this survey, a\u00a0DataBOM refers to a Bill of Materials (BOM) created for a dataset used to train..","TertiaryAttribute":null,"Payload":{"QuestionText":"In this survey, a&nbsp;<b>DataBOM <\/b>refers to a Bill of Materials (BOM) created for a dataset used to train, validate, and\/or test&nbsp;<b>a machine\/deep learning (ML\/DL) system.<\/b><br>","DefaultChoices":false,"DataExportTag":"Definition 3","QuestionType":"DB","Selector":"TB","DataVisibility":{"Private":false,"Hidden":false},"Configuration":{"QuestionDescriptionOption":"UseText"},"QuestionDescription":"In this survey, a\u00a0DataBOM refers to a Bill of Materials (BOM) created for a dataset used to train...","ChoiceOrder":[],"Validation":{"Settings":{"Type":"None"}},"GradingData":[],"Language":[],"NextChoiceId":4,"NextAnswerId":1,"QuestionID":"QID45"}},{"SurveyID":"SV_8C9syvqHvohrZUW","Element":"SQ","PrimaryAttribute":"QID38","SecondaryAttribute":"In this survey, an\u00a0AIBOM refers to a Software Bill of Materials (SBOM) created for an Artificial...","TertiaryAttribute":null,"Payload":{"QuestionText":"In this survey, an&nbsp;<b>AIBOM <\/b>refers to a Software Bill of Materials (SBOM) created for an Artificial Intelligence (AI) system, specifically, <b>a machine\/deep learning (ML\/DL) system.<\/b><br>","DefaultChoices":false,"DataExportTag":"Definition 2","QuestionType":"DB","Selector":"TB","Configuration":{"QuestionDescriptionOption":"UseText"},"QuestionDescription":"In this survey, an\u00a0AIBOM refers to a Software Bill of Materials (SBOM) created for an Artificial...","ChoiceOrder":[],"Validation":{"Settings":{"Type":"None"}},"GradingData":[],"Language":[],"NextChoiceId":4,"NextAnswerId":1,"QuestionID":"QID38","DataVisibility":{"Private":false,"Hidden":false}}},{"SurveyID":"SV_8C9syvqHvohrZUW","Element":"SQ","PrimaryAttribute":"QID2","SecondaryAttribute":"Indicate your agreement with the following statement: \"Current SBOM formats adequately support ma...","TertiaryAttribute":null,"Payload":{"QuestionText":"Indicate your agreement with the following statement: \"Current SBOM formats adequately support machine\/deep learning (ML\/DL) systems.\"<br>","DefaultChoices":false,"DataExportTag":"AI1","QuestionID":"QID2","QuestionType":"MC","Selector":"SAHR","SubSelector":"TX","Configuration":{"QuestionDescriptionOption":"UseText","LabelPosition":"BELOW","NumColumns":2},"QuestionDescription":"Indicate your agreement with the following statement: \"Current SBOM formats adequately support ma...","Choices":{"1":{"Display":"Strongly disagree"},"2":{"Display":"Disagree"},"3":{"Display":"Neutral"},"4":{"Display":"Agree"},"5":{"Display":"Strongly agree"}},"ChoiceOrder":[1,2,3,4,5],"Validation":{"Settings":{"ForceResponse":"ON","ForceResponseType":"ON","Type":"None"}},"GradingData":[],"Language":[],"NextChoiceId":6,"NextAnswerId":1,"DataVisibility":{"Private":false,"Hidden":false},"DisplayLogic":{"0":{"0":{"ChoiceLocator":"q:\/\/QID1\/SelectableChoice\/1","Description":"<span class=\"ConjDesc\">If<\/span> <span class=\"QuestionDesc\">Are you familiar with the concept of Software Bill of Materials (SBOM)?<\/span> <span class=\"LeftOpDesc\">Yes<\/span> <span class=\"OpDesc\">Is Selected<\/span> ","LeftOperand":"q:\/\/QID1\/SelectableChoice\/1","LogicType":"Question","Operator":"Selected","QuestionID":"QID1","QuestionIDFromLocator":"QID1","QuestionIsInLoop":"no","Type":"Expression"},"1":{"ChoiceLocator":"q:\/\/QID7\/SelectableChoice\/5","Conjuction":"And","Description":"<span class=\"ConjDesc\">And<\/span> <span class=\"QuestionDesc\">Which of the following SBOM formats are you familiar with? Select all that apply.<\/span> <span class=\"LeftOpDesc\">None of the above<\/span> <span class=\"OpDesc\">Is Not Selected<\/span> ","LeftOperand":"q:\/\/QID7\/SelectableChoice\/5","LogicType":"Question","Operator":"NotSelected","QuestionID":"QID7","QuestionIDFromLocator":"QID7","QuestionIsInLoop":"no","Type":"Expression"},"Type":"If"},"Type":"BooleanExpression","inPage":false}}},{"SurveyID":"SV_8C9syvqHvohrZUW","Element":"SQ","PrimaryAttribute":"QID29","SecondaryAttribute":"Indicate your agreement with the following statement: \"Datasets for ML\/DL systems should come wit...","TertiaryAttribute":null,"Payload":{"QuestionText":"Indicate your agreement with the following statement: \"Datasets for ML\/DL systems should come with a bill of materials (<b>DataBOM<\/b>).\"","DefaultChoices":false,"DataExportTag":"D1","QuestionID":"QID29","QuestionType":"MC","Selector":"SAHR","SubSelector":"TX","Configuration":{"QuestionDescriptionOption":"UseText","LabelPosition":"BELOW","Autoscale":{"YScale":{"Name":"agreeDisagree","Type":"likert","Reverse":false}}},"QuestionDescription":"Indicate your agreement with the following statement: \"Datasets for ML\/DL systems should come wit...","Choices":{"1":{"Display":"Strongly disagree"},"2":{"Display":"Disagree"},"3":{"Display":"Neutral"},"4":{"Display":"Agree"},"5":{"Display":"Strongly agree"}},"ChoiceOrder":[1,2,3,4,5],"Validation":{"Settings":{"ForceResponse":"ON","ForceResponseType":"ON","Type":"None"}},"GradingData":[],"Language":[],"NextChoiceId":6,"NextAnswerId":1,"DataVisibility":{"Private":false,"Hidden":false}}},{"SurveyID":"SV_8C9syvqHvohrZUW","Element":"SQ","PrimaryAttribute":"QID42","SecondaryAttribute":"Indicate your agreement with the following statement: \"Vulnerability databases for datasets of ML...","TertiaryAttribute":null,"Payload":{"QuestionText":"Indicate your agreement with the following statement: \"Vulnerability databases for datasets of ML\/DL systems meet the security needs of developers and consumers\"","DefaultChoices":false,"DataExportTag":"C6","QuestionType":"MC","Selector":"SAHR","SubSelector":"TX","DataVisibility":{"Private":false,"Hidden":false},"Configuration":{"QuestionDescriptionOption":"UseText","Autoscale":{"YScale":{"Name":"agreeDisagree","Type":"likert","Reverse":false}},"LabelPosition":"BELOW"},"QuestionDescription":"Indicate your agreement with the following statement: \"Vulnerability databases for datasets of ML...","Choices":{"1":{"Display":"Strongly disagree"},"2":{"Display":"Disagree"},"3":{"Display":"Neutral"},"4":{"Display":"Agree"},"5":{"Display":"Strongly agree"}},"ChoiceOrder":[1,2,3,4,5],"Validation":{"Settings":{"ForceResponse":"ON","ForceResponseType":"ON","Type":"None"}},"GradingData":[],"Language":[],"NextChoiceId":6,"NextAnswerId":1,"QuestionID":"QID42","DisplayLogic":{"0":{"0":{"ChoiceLocator":"q:\/\/QID40\/SelectableChoice\/1","Description":"<span class=\"ConjDesc\">If<\/span> <span class=\"QuestionDesc\">Do vulnerability databases (such as CVE) exist for datasets of ML\/DL systems?<\/span> <span class=\"LeftOpDesc\">Yes (please list them)<\/span> <span class=\"OpDesc\">Is Selected<\/span> ","LeftOperand":"q:\/\/QID40\/SelectableChoice\/1","LogicType":"Question","Operator":"Selected","QuestionID":"QID40","QuestionIDFromLocator":"QID40","QuestionIsInLoop":"no","Type":"Expression"},"Type":"If"},"Type":"BooleanExpression","inPage":false}}},{"SurveyID":"SV_8C9syvqHvohrZUW","Element":"SQ","PrimaryAttribute":"QID41","SecondaryAttribute":"Indicate your agreement with the following statement: \"Vulnerability databases for ML\/DL systems...","TertiaryAttribute":null,"Payload":{"QuestionText":"Indicate your agreement with the following statement: \"Vulnerability databases for ML\/DL systems meet the security needs of developers and consumers\"","DefaultChoices":false,"DataExportTag":"C4","QuestionType":"MC","Selector":"SAHR","SubSelector":"TX","Configuration":{"QuestionDescriptionOption":"UseText","LabelPosition":"BELOW","Autoscale":{"YScale":{"Name":"agreeDisagree","Type":"likert","Reverse":false}}},"QuestionDescription":"Indicate your agreement with the following statement: \"Vulnerability databases for ML\/DL systems...","Choices":{"1":{"Display":"Strongly disagree"},"2":{"Display":"Disagree"},"3":{"Display":"Neutral"},"4":{"Display":"Agree"},"5":{"Display":"Strongly agree"}},"ChoiceOrder":[1,2,3,4,5],"Validation":{"Settings":{"ForceResponse":"ON","ForceResponseType":"ON","Type":"None"}},"GradingData":[],"Language":[],"NextChoiceId":6,"NextAnswerId":1,"QuestionID":"QID41","DisplayLogic":{"0":{"0":{"ChoiceLocator":"q:\/\/QID39\/SelectableChoice\/1","Description":"<span class=\"ConjDesc\">If<\/span> <span class=\"QuestionDesc\">Do vulnerability databases (such as CVE) exist for ML\/DL systems?<\/span> <span class=\"LeftOpDesc\">Yes (please list them)<\/span> <span class=\"OpDesc\">Is Selected<\/span> ","LeftOperand":"q:\/\/QID39\/SelectableChoice\/1","LogicType":"Question","Operator":"Selected","QuestionID":"QID39","QuestionIDFromLocator":"QID39","QuestionIsInLoop":"no","Type":"Expression"},"Type":"If"},"Type":"BooleanExpression","inPage":false},"DataVisibility":{"Private":false,"Hidden":false}}},{"SurveyID":"SV_8C9syvqHvohrZUW","Element":"SQ","PrimaryAttribute":"QID26","SecondaryAttribute":"Investigating the state of practice in software supply chain management \u00a0\u00a0 RESEARCH GOAL AND PROC.","TertiaryAttribute":null,"Payload":{"ChoiceOrder":[],"Configuration":{"QuestionDescriptionOption":"UseText"},"DataExportTag":"CF1","DataVisibility":{"Hidden":false,"Private":false},"DefaultChoices":false,"GradingData":[],"Language":[],"NextAnswerId":1,"NextChoiceId":3,"QuestionDescription":"Investigating the state of practice in software supply chain management \u00a0\u00a0 RESEARCH GOAL AND PROC...","QuestionText":"<p dir=\"ltr\" style=\"text-align: center;\"><span style=\"font-size:19px;\"><b id=\"docs-internal-guid-1674b397-7fff-4c62-7a9b-f8ec1fd52ff1\">Investigating the state of practice in software supply chain management<\/b><\/span><\/p>\n&nbsp;&nbsp;\n\n<p dir=\"ltr\"><span style=\"font-size:16px;\"><b id=\"docs-internal-guid-1674b397-7fff-4c62-7a9b-f8ec1fd52ff1\">RESEARCH GOAL AND PROCEDURE<\/b><\/span><\/p>\n\n<p dir=\"ltr\"><span style=\"font-size:16px;\"><span><br><\/span><\/span><\/p><p dir=\"ltr\"><span style=\"font-size:16px;\"><span id=\"docs-internal-guid-1674b397-7fff-4c62-7a9b-f8ec1fd52ff1\">The purpose of this study is to investigate issues, needs, and opportunities related to software supply chain management, specifically as it pertains <b>to machine\/deep learning systems.<\/b><\/span><\/span><\/p><p dir=\"ltr\"><span style=\"font-size:16px;\"><b><br><\/b><\/span><\/p>\n\n<p dir=\"ltr\"><span style=\"font-size:16px;\">The (open source) software supply chain is the set of processes, components, and tools used to develop, build, and publish a software product (a system, library, tool, etc.). Software vendors often create software products by assembling open source software components (aka dependencies) developed by third-party developers or organizations. Common tasks involved in supply chain management include maintaining license compliance among components, managing and screening dependencies, and mitigating security threats introduced in software dependencies.<\/span><\/p><p dir=\"ltr\"><span style=\"font-size:16px;\"><br><\/span><\/p>\n\n<p dir=\"ltr\"><span style=\"font-size:16px;\"><span id=\"docs-internal-guid-1674b397-7fff-4c62-7a9b-f8ec1fd52ff1\">If you decide to participate, you will take a brief survey\/questionnaire. The survey should last about 15-20 minutes during which time you will be asked questions regarding your familiarity and experience with several topics related to the open source, machine learning supply chain, <b>including dependency management, Software Bills of Materials (SBOMs), security issues related to the supply chain, and open source licensing. <\/b><\/span><\/span><\/p><p dir=\"ltr\"><span style=\"font-size:16px;\"><br><\/span><\/p>\n\n<p dir=\"ltr\"><span style=\"font-size:16px;\"><span id=\"docs-internal-guid-1674b397-7fff-4c62-7a9b-f8ec1fd52ff1\">We may contact you by email to invite you to participate in a follow-up interview.<\/span><\/span><\/p>\n\n<p dir=\"ltr\"><span style=\"font-size:16px;\"><b><br><\/b><\/span><\/p><p dir=\"ltr\"><span style=\"font-size:16px;\"><b id=\"docs-internal-guid-1674b397-7fff-4c62-7a9b-f8ec1fd52ff1\">RISKS AND BENEFITS<\/b><\/span><\/p>\n<span style=\"font-size:16px;\"> &nbsp;<\/span>\n\n<p dir=\"ltr\"><span style=\"font-size:16px;\"><span id=\"docs-internal-guid-1674b397-7fff-4c62-7a9b-f8ec1fd52ff1\">There are no foreseeable risks for participating in this research.<\/span><\/span><\/p><br><p dir=\"ltr\"><span style=\"font-size:16px;\"><span id=\"docs-internal-guid-1674b397-7fff-4c62-7a9b-f8ec1fd52ff1\">There are no benefits to you as a participant other than to further research in software engineering and the open source software supply chain.<\/span><\/span><\/p>\n<span style=\"font-size:16px;\"> &nbsp;<\/span>\n\n<p dir=\"ltr\"><span style=\"font-size:16px;\"><b id=\"docs-internal-guid-1674b397-7fff-4c62-7a9b-f8ec1fd52ff1\">PARTICIPATION<\/b><\/span><\/p>\n<span style=\"font-size:16px;\"> &nbsp;<\/span>\n\n<p dir=\"ltr\"><span style=\"font-size:16px;\"><span id=\"docs-internal-guid-1674b397-7fff-4c62-7a9b-f8ec1fd52ff1\">You must be at least 18 years old to participate.<\/span><\/span><\/p>\n<span style=\"font-size:16px;\"> &nbsp;<\/span>\n\n<p dir=\"ltr\"><span style=\"font-size:16px;\"><span id=\"docs-internal-guid-1674b397-7fff-4c62-7a9b-f8ec1fd52ff1\">Your participation is voluntary, and you may withdraw from the study at any time and for any reason. If you decide not to participate or if you withdraw from the study, there is no penalty or loss of benefits to which you are otherwise entitled. There are no costs to you or any other party.<\/span><\/span><\/p>\n\n<p dir=\"ltr\"><span style=\"font-size:16px;\"><span id=\"docs-internal-guid-1674b397-7fff-4c62-7a9b-f8ec1fd52ff1\">Your decision whether or not to participate will not prejudice your future relations with The College of William &amp; Mary.<\/span><\/span><\/p>\n<span style=\"font-size:16px;\"> &nbsp;<\/span>\n\n<p dir=\"ltr\"><span style=\"font-size:16px;\"><span id=\"docs-internal-guid-1674b397-7fff-4c62-7a9b-f8ec1fd52ff1\">If you decide to participate, you will be entered into a drawing for a $50 USD Amazon gift card upon completion of this survey. We will randomly choose respondents and give out 10 gift cards.<\/span><\/span><\/p>\n<span style=\"font-size:16px;\"> &nbsp;<\/span>\n\n<p dir=\"ltr\"><span style=\"font-size:16px;\"><b id=\"docs-internal-guid-1674b397-7fff-4c62-7a9b-f8ec1fd52ff1\">CONFIDENTIALITY<\/b><\/span><\/p>\n<span style=\"font-size:16px;\"> &nbsp;<\/span>\n\n<p dir=\"ltr\"><span style=\"font-size:16px;\"><span id=\"docs-internal-guid-1674b397-7fff-4c62-7a9b-f8ec1fd52ff1\">The data collected by this study will be confidential, including your responses. Any<\/span><b> <\/b>information obtained in connection with this study that can be identified with you will remain confidential and disclosed only with your permission. You will be assigned a code number to protect your identity and all data will be kept secure. If you give us your permission by signing this document, we plan to disclose the results of the questionnaire in any publication resulting from this study. The disclosed results will not be personally identifiable (if needed, they will be anonymized). The de-identified data could be used for future research without additional consent from participants.<\/span><\/p>\n<span style=\"font-size:16px;\"> &nbsp;<\/span>\n\n<p dir=\"ltr\"><span style=\"font-size:16px;\"><span id=\"docs-internal-guid-1674b397-7fff-4c62-7a9b-f8ec1fd52ff1\">The Institutional Review Board (IRB) and Protection of Human Subjects (PHSC) committees that monitor research on human subjects may inspect study records during internal auditing procedures and are required to keep all information confidential.<\/span><\/span><\/p>\n<span style=\"font-size:16px;\"> &nbsp;<\/span>\n\n<p dir=\"ltr\"><span style=\"font-size:16px;\"><b id=\"docs-internal-guid-1674b397-7fff-4c62-7a9b-f8ec1fd52ff1\">CONTACT<\/b><\/span><\/p>\n<span style=\"font-size:16px;\"> &nbsp;<\/span>\n\n<p dir=\"ltr\"><span style=\"font-size:16px;\"><span id=\"docs-internal-guid-1674b397-7fff-4c62-7a9b-f8ec1fd52ff1\">This research is being conducted by Nathan Wintersgill (njwintersgill@wm.edu), Trevor Stalnaker (twstalnaker@wm.edu), Dr. Denys Poshyvanyk (denys@cs.wm.edu, 757-221-3476), and Dr. Oscar Chaparro (oscarch@wm.edu, 757-221-2144) from the College of William &amp; Mary.&nbsp;<\/span><\/span><\/p><p dir=\"ltr\"><span style=\"font-size:16px;\"><span><br><\/span><\/span><\/p><p dir=\"ltr\"><span style=\"font-size:16px;\"><span>Questions regarding the rights of research subjects may be directed to Jennifer Stevens (jastev@wm.edu, (757)-221- 3862), Chair of the Committee on the Protection of Human Subjects at the College of William &amp; Mary.<\/span><\/span><\/p><p dir=\"ltr\"><span style=\"font-size:16px;\"><span><br><\/span><\/span><\/p><p dir=\"ltr\"><span style=\"font-size:16px;\"><span>Such committee has reviewed and approved the present research (ProtocolID: PHSC-2022-07-14-15722-njwintersgill)<\/span><\/span><\/p>\n<span style=\"font-size:16px;\"> &nbsp;<\/span>\n\n<p dir=\"ltr\"><span style=\"font-size:16px;\"><b id=\"docs-internal-guid-1674b397-7fff-4c62-7a9b-f8ec1fd52ff1\">CONSENT<\/b><\/span><\/p>\n<span style=\"font-size:16px;\"> &nbsp;<\/span>\n\n<p dir=\"ltr\"><span style=\"font-size:16px;\"><span id=\"docs-internal-guid-1674b397-7fff-4c62-7a9b-f8ec1fd52ff1\">You are welcome to print this page to keep a copy of this form.<\/span><\/span><\/p>\n<br>\nDo you consent to participate in this survey?","QuestionText_Unsafe":"<p dir=\"ltr\" style=\"text-align: center;\"><span style=\"font-size:19px;\"><b id=\"docs-internal-guid-1674b397-7fff-4c62-7a9b-f8ec1fd52ff1\">Investigating the state of practice in software supply chain management<\/b><\/span><\/p>\n&nbsp;&nbsp;\n\n<p dir=\"ltr\"><span style=\"font-size:16px;\"><b id=\"docs-internal-guid-1674b397-7fff-4c62-7a9b-f8ec1fd52ff1\">RESEARCH GOAL AND PROCEDURE<\/b><\/span><\/p>\n\n<p dir=\"ltr\"><span style=\"font-size:16px;\"><span><br><\/span><\/span><\/p><p dir=\"ltr\"><span style=\"font-size:16px;\"><span id=\"docs-internal-guid-1674b397-7fff-4c62-7a9b-f8ec1fd52ff1\">The purpose of this study is to investigate issues, needs, and opportunities related to software supply chain management.&nbsp;<\/span><\/span><\/p><p dir=\"ltr\"><span style=\"font-size:16px;\"><b><br><\/b><\/span><\/p>\n\n<p dir=\"ltr\"><span style=\"font-size:16px;\">The (open source) software supply chain is the set of processes, components, and tools used to develop, build, and publish a software product (a system, library, tool, etc.). Software vendors often create software products by assembling open source software components (aka dependencies) developed by third-party developers or organizations. Common tasks involved in supply chain management include maintaining license compliance among components, managing and screening dependencies, and mitigating security threats introduced in software dependencies.<\/span><\/p><p dir=\"ltr\"><span style=\"font-size:16px;\"><br><\/span><\/p>\n\n<p dir=\"ltr\"><span style=\"font-size:16px;\"><span id=\"docs-internal-guid-1674b397-7fff-4c62-7a9b-f8ec1fd52ff1\">If you decide to participate, you will take a brief survey\/questionnaire. The survey will last about 20-30 minutes during which time you will be asked questions regarding your familiarity and experience with several topics related to the open source supply chain, <b>including dependency management, Software Bills of Materials (SBOMs), security issues related to the supply chain, and open source licensing. <\/b><\/span><\/span><\/p><p dir=\"ltr\"><span style=\"font-size:16px;\"><br><\/span><\/p>\n\n<p dir=\"ltr\"><span style=\"font-size:16px;\"><span id=\"docs-internal-guid-1674b397-7fff-4c62-7a9b-f8ec1fd52ff1\">We may contact you by email to invite you to participate in a follow-up interview.<\/span><\/span><\/p>\n\n<p dir=\"ltr\"><span style=\"font-size:16px;\"><b><br><\/b><\/span><\/p><p dir=\"ltr\"><span style=\"font-size:16px;\"><b id=\"docs-internal-guid-1674b397-7fff-4c62-7a9b-f8ec1fd52ff1\">RISKS AND BENEFITS<\/b><\/span><\/p>\n<span style=\"font-size:16px;\"> &nbsp;<\/span>\n\n<p dir=\"ltr\"><span style=\"font-size:16px;\"><span id=\"docs-internal-guid-1674b397-7fff-4c62-7a9b-f8ec1fd52ff1\">There are no foreseeable risks for participating in this research.<\/span><\/span><\/p><br><p dir=\"ltr\"><span style=\"font-size:16px;\"><span id=\"docs-internal-guid-1674b397-7fff-4c62-7a9b-f8ec1fd52ff1\">There are no benefits to you as a participant other than to further research in software engineering and the open source software supply chain.<\/span><\/span><\/p>\n<span style=\"font-size:16px;\"> &nbsp;<\/span>\n\n<p dir=\"ltr\"><span style=\"font-size:16px;\"><b id=\"docs-internal-guid-1674b397-7fff-4c62-7a9b-f8ec1fd52ff1\">PARTICIPATION<\/b><\/span><\/p>\n<span style=\"font-size:16px;\"> &nbsp;<\/span>\n\n<p dir=\"ltr\"><span style=\"font-size:16px;\"><span id=\"docs-internal-guid-1674b397-7fff-4c62-7a9b-f8ec1fd52ff1\">You must be at least 18 years old to participate.<\/span><\/span><\/p>\n<span style=\"font-size:16px;\"> &nbsp;<\/span>\n\n<p dir=\"ltr\"><span style=\"font-size:16px;\"><span id=\"docs-internal-guid-1674b397-7fff-4c62-7a9b-f8ec1fd52ff1\">Your participation is voluntary, and you may withdraw from the study at any time and for any reason. If you decide not to participate or if you withdraw from the study, there is no penalty or loss of benefits to which you are otherwise entitled. There are no costs to you or any other party.<\/span><\/span><\/p>\n\n<p dir=\"ltr\"><span style=\"font-size:16px;\"><span id=\"docs-internal-guid-1674b397-7fff-4c62-7a9b-f8ec1fd52ff1\">Your decision whether or not to participate will not prejudice your future relations with The College of William &amp; Mary.<\/span><\/span><\/p>\n<span style=\"font-size:16px;\"> &nbsp;<\/span>\n\n<p dir=\"ltr\"><span style=\"font-size:16px;\"><span id=\"docs-internal-guid-1674b397-7fff-4c62-7a9b-f8ec1fd52ff1\">If you decide to participate, you will be entered into a drawing for a $50 USD Amazon gift card upon completion of this survey. We will randomly choose respondents and give out 10 gift cards.<\/span><\/span><\/p>\n<span style=\"font-size:16px;\"> &nbsp;<\/span>\n\n<p dir=\"ltr\"><span style=\"font-size:16px;\"><b id=\"docs-internal-guid-1674b397-7fff-4c62-7a9b-f8ec1fd52ff1\">CONFIDENTIALITY<\/b><\/span><\/p>\n<span style=\"font-size:16px;\"> &nbsp;<\/span>\n\n<p dir=\"ltr\"><span style=\"font-size:16px;\"><span id=\"docs-internal-guid-1674b397-7fff-4c62-7a9b-f8ec1fd52ff1\">The data collected by this study will be confidential, including your responses. Any<\/span><b> <\/b>information obtained in connection with this study that can be identified with you will remain confidential and disclosed only with your permission. You will be assigned a code number to protect your identity and all data will be kept secure. If you give us your permission by signing this document, we plan to disclose the results of the questionnaire in any publication resulting from this study. The disclosed results will not be personally identifiable (if needed, they will be anonymized). The de-identified data could be used for future research without additional consent from participants.<\/span><\/p>\n<span style=\"font-size:16px;\"> &nbsp;<\/span>\n\n<p dir=\"ltr\"><span style=\"font-size:16px;\"><span id=\"docs-internal-guid-1674b397-7fff-4c62-7a9b-f8ec1fd52ff1\">The Institutional Review Board (IRB) and Protection of Human Subjects (PHSC) committees that monitor research on human subjects may inspect study records during internal auditing procedures and are required to keep all information confidential.<\/span><\/span><\/p>\n<span style=\"font-size:16px;\"> &nbsp;<\/span>\n\n<p dir=\"ltr\"><span style=\"font-size:16px;\"><b id=\"docs-internal-guid-1674b397-7fff-4c62-7a9b-f8ec1fd52ff1\">CONTACT<\/b><\/span><\/p>\n<span style=\"font-size:16px;\"> &nbsp;<\/span>\n\n<p dir=\"ltr\"><span style=\"font-size:16px;\"><span id=\"docs-internal-guid-1674b397-7fff-4c62-7a9b-f8ec1fd52ff1\">This research is being conducted by Nathan Wintersgill (njwintersgill@wm.edu), Trevor Stalnaker (twstalnaker@wm.edu), Dr. Denys Poshyvanyk (denys@cs.wm.edu, 757-221-3476), and Dr. Oscar Chaparro (oscarch@wm.edu, 757-221-2144) from the College of William &amp; Mary.&nbsp;<\/span><\/span><\/p><p dir=\"ltr\"><span style=\"font-size:16px;\"><span><br><\/span><\/span><\/p><p dir=\"ltr\"><span style=\"font-size:16px;\"><span>Questions regarding the rights of research subjects may be directed to Jennifer Stevens (jastev@wm.edu, (757)-221- 3862), Chair of the Committee on the Protection of Human Subjects at the College of William &amp; Mary.<\/span><\/span><\/p><p dir=\"ltr\"><span style=\"font-size:16px;\"><span><br><\/span><\/span><\/p><p dir=\"ltr\"><span style=\"font-size:16px;\"><span>Such committee has reviewed and approved the present research (ProtocolID: PHSC-2022-07-14-15722-njwintersgill)<\/span><\/span><\/p>\n<span style=\"font-size:16px;\"> &nbsp;<\/span>\n\n<p dir=\"ltr\"><span style=\"font-size:16px;\"><b id=\"docs-internal-guid-1674b397-7fff-4c62-7a9b-f8ec1fd52ff1\">CONSENT<\/b><\/span><\/p>\n<span style=\"font-size:16px;\"> &nbsp;<\/span>\n\n<p dir=\"ltr\"><span style=\"font-size:16px;\"><span id=\"docs-internal-guid-1674b397-7fff-4c62-7a9b-f8ec1fd52ff1\">You are welcome to print this page to keep a copy of this form.<\/span><\/span><\/p>\n<br>\nDo you consent to participate in this survey?","QuestionType":"DB","Selector":"TB","Validation":{"Settings":{"Type":"None"}},"QuestionID":"QID26"}},{"SurveyID":"SV_8C9syvqHvohrZUW","Element":"SQ","PrimaryAttribute":"QID5","SecondaryAttribute":"Please describe a potential new solution for specifying SBOMs of ML\/DL systems (AIBOMS).","TertiaryAttribute":null,"Payload":{"QuestionText":"Please describe a potential new solution for specifying SBOMs of ML\/DL systems (AIBOMS).<br>","DefaultChoices":false,"DataExportTag":"AI4","QuestionID":"QID5","QuestionType":"TE","Selector":"ESTB","Configuration":{"QuestionDescriptionOption":"UseText","InputWidth":660,"InputHeight":137},"QuestionDescription":"Please describe a potential new solution for specifying SBOMs of ML\/DL systems (AIBOMS).","Validation":{"Settings":{"ForceResponse":"ON","ForceResponseType":"ON","Type":"None"}},"GradingData":[],"Language":[],"NextChoiceId":4,"NextAnswerId":1,"SearchSource":{"AllowFreeResponse":"false"},"DisplayLogic":{"0":{"0":{"ChoiceLocator":"q:\/\/QID4\/SelectableChoice\/2","Description":"<span class=\"ConjDesc\">If<\/span> <span class=\"QuestionDesc\">Can SBOMs of ML\/DL systems (AIBOMs) follow the same current SBOM specifications and standards?<\/span> <span class=\"LeftOpDesc\">No, an entirely new solution is necessary<\/span> <span class=\"OpDesc\">Is Selected<\/span> ","LeftOperand":"q:\/\/QID4\/SelectableChoice\/2","LogicType":"Question","Operator":"Selected","QuestionID":"QID4","QuestionIDFromLocator":"QID4","QuestionIsInLoop":"no","Type":"Expression"},"Type":"If"},"Type":"BooleanExpression","inPage":false},"DataVisibility":{"Private":false,"Hidden":false}}},{"SurveyID":"SV_8C9syvqHvohrZUW","Element":"SQ","PrimaryAttribute":"QID46","SecondaryAttribute":"Please enter your email address. This will be used to contact you for compensation. If we are int...","TertiaryAttribute":null,"Payload":{"Configuration":{"QuestionDescriptionOption":"UseText"},"DataExportTag":"Q12","DataVisibility":{"Hidden":false,"Private":false},"DefaultChoices":false,"GradingData":[],"Language":[],"NextAnswerId":1,"NextChoiceId":4,"QuestionDescription":"Please enter your email address. This will be used to contact you for compensation. If we are int...","QuestionID":"QID46","QuestionText":"Please enter your email address. This will be used to contact you for compensation. If we are interested in your responses, we may contact you for a follow-up interview, if you are willing.<br>","QuestionText_Unsafe":"Please enter your email address. This will be used to contact you for compensation. If we are interested in your responses, we may contact you for a follow-up interview, if you are willing.<br>","QuestionType":"TE","SearchSource":{"AllowFreeResponse":"false"},"Selector":"SL","Validation":{"Settings":{"ContentType":"ValidEmail","ForceResponse":"OFF","ForceResponseType":"ON","MinChars":"1","Type":"ContentType","ValidDateType":"DateWithFormat","ValidNumber":{"Max":"","Min":"","NumDecimals":""},"ValidPhoneType":"ValidUSPhone","ValidZipType":"ValidUSZip"}}}},{"SurveyID":"SV_8C9syvqHvohrZUW","Element":"SQ","PrimaryAttribute":"QID14","SecondaryAttribute":"SBOM-focused security solutions frequently make use of vulnerability databases like CVE. Does suf...","TertiaryAttribute":null,"Payload":{"QuestionText":"SBOM-focused security solutions frequently make use of vulnerability databases like CVE. Does sufficient infrastructure exist in the machine learning field to support security goals similar to those targeted by SBOMs? What can we do to improve this infrastructure?","DefaultChoices":false,"DataExportTag":"C5","QuestionID":"QID14","QuestionType":"TE","Selector":"SL","Configuration":{"QuestionDescriptionOption":"UseText"},"QuestionDescription":"SBOM-focused security solutions frequently make use of vulnerability databases like CVE. Does suf...","Validation":{"Settings":{"ForceResponse":"OFF","Type":"None"}},"GradingData":[],"Language":[],"NextChoiceId":4,"NextAnswerId":1,"SearchSource":{"AllowFreeResponse":"false"},"DataVisibility":{"Private":false,"Hidden":false}}},{"SurveyID":"SV_8C9syvqHvohrZUW","Element":"SQ","PrimaryAttribute":"QID35","SecondaryAttribute":"The NTIA defines a Software Bill of Materials (SBOM) as follows: An SBOM is a formal, machine-rea...","TertiaryAttribute":null,"Payload":{"ChoiceOrder":[],"Configuration":{"QuestionDescriptionOption":"UseText"},"DataExportTag":"Definition 1","DataVisibility":{"Hidden":false,"Private":false},"DefaultChoices":false,"GradingData":[],"Language":[],"NextAnswerId":1,"NextChoiceId":4,"QuestionDescription":"The NTIA defines a Software Bill of Materials (SBOM) as follows: An SBOM is a formal, machine-rea...","QuestionID":"QID35","QuestionText":"The <a rel=\"noopener\" href=\"https:\/\/www.ntia.gov\/files\/ntia\/publications\/sbom_at_a_glance_apr2021.pdf\" target=\"_blank\">NTIA<\/a> defines a <b>Software Bill of Materials<\/b> (SBOM) as follows:<br>\n<br>\nAn SBOM is a formal, machine-readable<b> inventory of software components and dependencies<\/b>, information about those components, and their hierarchical relationships. These inventories should be comprehensive \u2013 or should explicitly state where they could not be.<br>\n<br>\nSBOMs may include<b> open source or proprietary software<\/b> and can be widely available or access-restricted. SBOMs should also include baseline attributes with the ability to uniquely identify individual components in a standard data format. The most efficient generation of SBOMs is as a byproduct of a modern development process. For older software, less-automated methods exist.","QuestionText_Unsafe":"The <a href=\"https:\/\/www.ntia.gov\/files\/ntia\/publications\/sbom_at_a_glance_apr2021.pdf\" target=\"_blank\">NTIA<\/a> defines a <b>Software Bill of Materials<\/b> (SBOM) as follows:<br \/>\n<br \/>\nAn SBOM is a formal, machine-readable<b> inventory of software components and dependencies<\/b>, information about those components, and their hierarchical relationships. These inventories should be comprehensive &ndash; or should explicitly state where they could not be.<br \/>\n<br \/>\nSBOMs may include<b> open source or proprietary software<\/b> and can be widely available or access-restricted. SBOMs should also include baseline attributes with the ability to uniquely identify individual components in a standard data format. The most efficient generation of SBOMs is as a byproduct of a modern development process. For older software, less-automated methods exist.","QuestionType":"DB","Selector":"TB","Validation":{"Settings":{"Type":"None"}}}},{"SurveyID":"SV_8C9syvqHvohrZUW","Element":"SQ","PrimaryAttribute":"QID13","SecondaryAttribute":"What are some of the benefits you expect to see from using AIBOMs, if any?","TertiaryAttribute":null,"Payload":{"QuestionText":"What are some of the benefits you expect to see from using AIBOMs, if any?","DefaultChoices":false,"DataExportTag":"C1","QuestionID":"QID13","QuestionType":"TE","Selector":"ESTB","Configuration":{"QuestionDescriptionOption":"UseText","InputWidth":680,"InputHeight":174},"QuestionDescription":"What are some of the benefits you expect to see from using AIBOMs, if any?","Validation":{"Settings":{"ForceResponse":"ON","ForceResponseType":"ON","Type":"None"}},"GradingData":[],"Language":[],"NextChoiceId":4,"NextAnswerId":1,"SearchSource":{"AllowFreeResponse":"false"},"DataVisibility":{"Private":false,"Hidden":false}}},{"SurveyID":"SV_8C9syvqHvohrZUW","Element":"SQ","PrimaryAttribute":"QID48","SecondaryAttribute":"What are some of the benefits you expect to see from using DataBOMs, if any?","TertiaryAttribute":null,"Payload":{"QuestionText":"What are some of the benefits you expect to see from using DataBOMs, if any?","DefaultChoices":false,"DataExportTag":"D7","QuestionType":"TE","Selector":"ESTB","Configuration":{"QuestionDescriptionOption":"UseText","InputWidth":666,"InputHeight":118},"QuestionDescription":"What are some of the benefits you expect to see from using DataBOMs, if any?","Validation":{"Settings":{"ForceResponse":"ON","ForceResponseType":"ON","Type":"None"}},"GradingData":[],"Language":[],"NextChoiceId":4,"NextAnswerId":1,"SearchSource":{"AllowFreeResponse":"false"},"QuestionID":"QID48","DataVisibility":{"Private":false,"Hidden":false}}},{"SurveyID":"SV_8C9syvqHvohrZUW","Element":"SQ","PrimaryAttribute":"QID30","SecondaryAttribute":"What data fields should be included in a DataBOM to adequately describe a dataset for a ML\/DL sys...","TertiaryAttribute":null,"Payload":{"QuestionText":"What data fields should be included in a DataBOM to adequately describe a dataset for a ML\/DL system? Select all that apply.<br>","DefaultChoices":false,"DataExportTag":"D3","QuestionType":"MC","Selector":"MAVR","SubSelector":"TX","Configuration":{"QuestionDescriptionOption":"UseText"},"QuestionDescription":"What data fields should be included in a DataBOM to adequately describe a dataset for a ML\/DL sys...","Choices":{"1":{"Display":"Data sources"},"2":{"Display":"Data pre-processing steps"},"3":{"Display":"Data transformations"},"4":{"Display":"Dataset authors \/ creators"},"5":{"Display":"Data labelers \/ taggers"},"6":{"Display":"Procedure for data collection and curation"},"7":{"Display":"Presence of Personally Identifiable Information"},"8":{"Display":"Dataset statistics"},"9":{"Display":"Dataset version"},"10":{"Display":"Dataset license"},"11":{"Display":"Dataset description"},"12":{"Display":"Version description (dataset change log)"},"13":{"Display":"Creation time"},"14":{"Display":"Known data biases"},"15":{"Display":"Known vulnerabilities and issues"},"16":{"Display":"Unique identifier"},"17":{"Display":"Types of data included in the dataset (image, text, binary, etc)"},"18":{"Display":"Dataset size"},"19":{"Display":"Others (please specify)","TextEntry":"true","TextEntrySize":"Medium","TextEntryForceResponse":true}},"ChoiceOrder":[1,2,3,4,5,6,7,8,9,10,11,12,13,14,15,16,17,18,19],"Validation":{"Settings":{"ForceResponse":"ON","ForceResponseType":"ON","Type":"None"}},"GradingData":[],"Language":[],"NextChoiceId":20,"NextAnswerId":1,"QuestionID":"QID30","DataVisibility":{"Private":false,"Hidden":false}}},{"SurveyID":"SV_8C9syvqHvohrZUW","Element":"SQ","PrimaryAttribute":"QID3","SecondaryAttribute":"What data fields should be included in SBOMs to adequately describe a machine\/deep learning (ML\/D...","TertiaryAttribute":null,"Payload":{"QuestionText":"What data fields should be included in SBOMs to adequately describe a machine\/deep learning (ML\/DL) system? Select all that apply.<br>","DefaultChoices":false,"DataExportTag":"AI2","QuestionID":"QID3","QuestionType":"MC","Selector":"MAVR","SubSelector":"TX","Configuration":{"QuestionDescriptionOption":"UseText"},"QuestionDescription":"What data fields should be included in SBOMs to adequately describe a machine\/deep learning (ML\/D...","Choices":{"1":{"Display":"Environment in which the model was trained in"},"2":{"Display":"Model structure \/ architecture"},"3":{"Display":"Model hyperparameters"},"4":{"Display":"Model parameters"},"5":{"Display":"Known model\/data defects"},"6":{"Display":"Potential model biases"},"7":{"Display":"Potential fairness issues"},"8":{"Display":"Unique model identifier"},"9":{"Display":"Optimizers, loss functions, etc."},"10":{"Display":"Description of the training data"},"11":{"Display":"Description of the validation and testing data"},"12":{"Display":"Runtime performance requirements"},"13":{"Display":"Data (pre-)processing techniques"},"14":{"Display":"Presence of Personally Identifiable Information"},"15":{"Display":"Model version"},"16":{"Display":"Model description"},"17":{"Display":"Creation \/ building time"},"18":{"Display":"Model license"},"19":{"Display":"Data version"},"20":{"Display":"System dependencies"},"21":{"Display":"Others (please specify)","TextEntry":"true","TextEntrySize":"Medium","TextEntryForceResponse":true}},"ChoiceOrder":[1,2,3,4,5,6,7,8,9,10,11,12,13,14,15,16,17,18,19,20,21],"Validation":{"Settings":{"ForceResponse":"ON","ForceResponseType":"ON","Type":"None"}},"GradingData":[],"Language":[],"NextChoiceId":22,"NextAnswerId":1,"DataVisibility":{"Private":false,"Hidden":false}}},{"SurveyID":"SV_8C9syvqHvohrZUW","Element":"SQ","PrimaryAttribute":"QID32","SecondaryAttribute":"What do you think the relationship between AIBOMs and DataBOMs should be?","TertiaryAttribute":null,"Payload":{"QuestionText":"What do you think the relationship between AIBOMs and DataBOMs should be?","DefaultChoices":false,"DataExportTag":"D5","QuestionID":"QID32","QuestionType":"TE","Selector":"ESTB","Configuration":{"QuestionDescriptionOption":"UseText","InputWidth":651,"InputHeight":160},"QuestionDescription":"What do you think the relationship between AIBOMs and DataBOMs should be?","Validation":{"Settings":{"ForceResponse":"ON","ForceResponseType":"ON","Type":"None"}},"GradingData":[],"Language":[],"NextChoiceId":4,"NextAnswerId":1,"SearchSource":{"AllowFreeResponse":"false"},"DataVisibility":{"Private":false,"Hidden":false}}},{"SurveyID":"SV_8C9syvqHvohrZUW","Element":"SQ","PrimaryAttribute":"QID1715425740","SecondaryAttribute":"What is your highest level of education?","TertiaryAttribute":null,"Payload":{"QuestionText":"What is your highest level of education?","DefaultChoices":false,"QuestionType":"MC","Selector":"SAVR","SubSelector":"TX","Configuration":{"QuestionDescriptionOption":"UseText"},"QuestionDescription":"What is your highest level of education?","Choices":{"1":{"Display":"Did not graduate from high school"},"2":{"Display":"High School"},"3":{"Display":"Some college"},"4":{"Display":"Bachelor's Degree"},"5":{"Display":"Master's Degree"},"6":{"Display":"Doctoral Degree"},"7":{"Display":"Other (please specify)","TextEntry":"true","TextEntryForceResponse":true}},"ChoiceOrder":[1,2,3,4,5,6,7],"Validation":{"Settings":{"ForceResponse":"ON","ForceResponseType":"ON","Type":"None"}},"GradingData":[],"Language":[],"NextChoiceId":8,"NextAnswerId":1,"DataVisibility":{"Private":false,"Hidden":false},"QuestionText_Unsafe":"What is your highest level of education?","DataExportTag":"Q3","QuestionID":"QID1715425740"}},{"SurveyID":"SV_8C9syvqHvohrZUW","Element":"SQ","PrimaryAttribute":"QID6","SecondaryAttribute":"What main challenges do you foresee in the creation and use of AIBOMs?","TertiaryAttribute":null,"Payload":{"QuestionText":"What main challenges do you foresee in the creation and use of AIBOMs?","DefaultChoices":false,"DataExportTag":"C2","QuestionID":"QID6","QuestionType":"TE","Selector":"ESTB","DataVisibility":{"Private":false,"Hidden":false},"Configuration":{"QuestionDescriptionOption":"UseText","InputWidth":680,"InputHeight":136},"QuestionDescription":"What main challenges do you foresee in the creation and use of AIBOMs?","Validation":{"Settings":{"ForceResponse":"ON","ForceResponseType":"ON","Type":"None"}},"GradingData":[],"Language":[],"NextChoiceId":4,"NextAnswerId":1,"SearchSource":{"AllowFreeResponse":"false"}}},{"SurveyID":"SV_8C9syvqHvohrZUW","Element":"SQ","PrimaryAttribute":"QID47","SecondaryAttribute":"What main challenges do you foresee in the creation and use of DataBOMs?","TertiaryAttribute":null,"Payload":{"QuestionText":"What main challenges do you foresee in the creation and use of DataBOMs?","DefaultChoices":false,"DataExportTag":"D8","QuestionType":"TE","Selector":"ESTB","DataVisibility":{"Private":false,"Hidden":false},"Configuration":{"QuestionDescriptionOption":"UseText","InputWidth":680,"InputHeight":136},"QuestionDescription":"What main challenges do you foresee in the creation and use of DataBOMs?","Validation":{"Settings":{"ForceResponse":"ON","ForceResponseType":"ON","Type":"None"}},"GradingData":[],"Language":[],"NextChoiceId":4,"NextAnswerId":1,"SearchSource":{"AllowFreeResponse":"false"},"QuestionID":"QID47"}},{"SurveyID":"SV_8C9syvqHvohrZUW","Element":"SQ","PrimaryAttribute":"QID11","SecondaryAttribute":"What security risks (if any) could be effectively managed with the help of AIBOMs?","TertiaryAttribute":null,"Payload":{"QuestionText":"What security risks (if any) could be effectively managed with the help of AIBOMs?","DefaultChoices":false,"DataExportTag":"C4","QuestionID":"QID11","QuestionType":"TE","Selector":"ESTB","Configuration":{"QuestionDescriptionOption":"UseText","InputWidth":680,"InputHeight":143},"QuestionDescription":"What security risks (if any) could be effectively managed with the help of AIBOMs?","Validation":{"Settings":{"ForceResponse":"ON","ForceResponseType":"ON","Type":"None"}},"GradingData":[],"Language":[],"NextChoiceId":4,"NextAnswerId":1,"SearchSource":{"AllowFreeResponse":"false"},"DataVisibility":{"Private":false,"Hidden":false}}},{"SurveyID":"SV_8C9syvqHvohrZUW","Element":"SQ","PrimaryAttribute":"QID1715425748","SecondaryAttribute":"Which country \/ countries are you and \/ or your organization based in?","TertiaryAttribute":null,"Payload":{"QuestionText":"Which country \/ countries are you and \/ or your organization based in?","DefaultChoices":false,"QuestionType":"TE","Selector":"SL","Configuration":{"QuestionDescriptionOption":"UseText"},"QuestionDescription":"Which country \/ countries are you and \/ or your organization based in?","Validation":{"Settings":{"ForceResponse":"ON","ForceResponseType":"ON","Type":"None"}},"GradingData":[],"Language":[],"NextChoiceId":4,"NextAnswerId":1,"SearchSource":{"AllowFreeResponse":"false"},"DataVisibility":{"Private":false,"Hidden":false},"QuestionText_Unsafe":"Which country \/ countries are you and \/ or your organization based in?","DataExportTag":"Q11","QuestionID":"QID1715425748"}},{"SurveyID":"SV_8C9syvqHvohrZUW","Element":"SQ","PrimaryAttribute":"QID1715425742","SecondaryAttribute":"Which machine \/ deep learning models do you use most frequently?","TertiaryAttribute":null,"Payload":{"QuestionText":"Which machine \/ deep learning models do you use most frequently?<br>","DefaultChoices":false,"QuestionType":"MC","Selector":"SAVR","SubSelector":"TX","Configuration":{"QuestionDescriptionOption":"UseText"},"QuestionDescription":"Which machine \/ deep learning models do you use most frequently?","Choices":{"1":{"Display":"Deep Learning models (CNNs, RNNs, Transformers, etc.)"},"2":{"Display":"Non-deep learning models (SVMs, Decision Trees, etc.)"},"3":{"Display":"Both deep and non-deep learning models"},"4":{"Display":"Other (please specify)","TextEntry":"true","TextEntryForceResponse":true}},"ChoiceOrder":[1,2,3,4],"Validation":{"Settings":{"ForceResponse":"ON","ForceResponseType":"ON","Type":"None"}},"GradingData":[],"Language":[],"NextChoiceId":5,"NextAnswerId":1,"DataVisibility":{"Private":false,"Hidden":false},"QuestionText_Unsafe":"What types of systems have you developed?","DataExportTag":"Q5","QuestionID":"QID1715425742"}},{"SurveyID":"SV_8C9syvqHvohrZUW","Element":"SQ","PrimaryAttribute":"QID7","SecondaryAttribute":"Which of the following SBOM formats are you familiar with? Select all that apply.","TertiaryAttribute":null,"Payload":{"QuestionText":"Which of the following SBOM formats are you familiar with? Select all that apply.<br>","DataExportTag":"B2","QuestionType":"MC","Selector":"MAVR","SubSelector":"TX","Configuration":{"QuestionDescriptionOption":"UseText"},"QuestionDescription":"Which of the following SBOM formats are you familiar with? Select all that apply.","Choices":{"1":{"Display":"SPDX"},"2":{"Display":"CycloneDX"},"3":{"Display":"SWID"},"4":{"Display":"Other (please specify)","TextEntry":"true","TextEntryForceResponse":true},"5":{"Display":"None of the above","ExclusiveAnswer":true}},"ChoiceOrder":[1,2,3,4,5],"Validation":{"Settings":{"ForceResponse":"ON","ForceResponseType":"ON","Type":"None"}},"Language":[],"NextChoiceId":6,"NextAnswerId":1,"QuestionID":"QID7","AnalyzeChoices":{"5":"No"},"DisplayLogic":{"0":{"0":{"ChoiceLocator":"q:\/\/QID1\/SelectableChoice\/1","Description":"<span class=\"ConjDesc\">If<\/span> <span class=\"QuestionDesc\">Are you familiar with the concept of Software Bill of Materials (SBOM)?<\/span> <span class=\"LeftOpDesc\">Yes<\/span> <span class=\"OpDesc\">Is Selected<\/span> ","LeftOperand":"q:\/\/QID1\/SelectableChoice\/1","LogicType":"Question","Operator":"Selected","QuestionID":"QID1","QuestionIDFromLocator":"QID1","QuestionIsInLoop":"no","Type":"Expression"},"Type":"If"},"Type":"BooleanExpression","inPage":false},"DataVisibility":{"Private":false,"Hidden":false}}},{"SurveyID":"SV_8C9syvqHvohrZUW","Element":"SQ","PrimaryAttribute":"QID1715425741","SecondaryAttribute":"Which programming languages have you most used in past projects? Select all that apply.","TertiaryAttribute":null,"Payload":{"QuestionText":"Which programming languages have you most used in past projects? Select all that apply.<br>","DefaultChoices":false,"QuestionType":"MC","Selector":"MAVR","SubSelector":"TX","Configuration":{"QuestionDescriptionOption":"UseText"},"QuestionDescription":"Which programming languages have you most used in past projects? Select all that apply.","Choices":{"1":{"Display":"Python"},"2":{"Display":"Java"},"3":{"Display":"C \/ C++"},"4":{"Display":"Javascript"},"5":{"Display":"C#"},"6":{"Display":"Others (please specify)","TextEntry":"true","TextEntryForceResponse":true}},"ChoiceOrder":[1,2,3,4,5,6],"Validation":{"Settings":{"ForceResponse":"ON","ForceResponseType":"ON","Type":"None"}},"GradingData":[],"Language":[],"NextChoiceId":7,"NextAnswerId":1,"DataVisibility":{"Private":false,"Hidden":false},"QuestionText_Unsafe":"Which programming languages have you most used in past project(s)?","DataExportTag":"Q4","QuestionID":"QID1715425741"}},{"SurveyID":"SV_8C9syvqHvohrZUW","Element":"SQ","PrimaryAttribute":"QID27","SecondaryAttribute":"YOU ARE MAKING A DECISION WHETHER OR NOT TO PARTICIPATE.IF YOU WANT TO PARTICIPATE, PLEASE ENTER...","TertiaryAttribute":null,"Payload":{"Configuration":{"QuestionDescriptionOption":"UseText"},"DataExportTag":"CF2","DataVisibility":{"Hidden":false,"Private":false},"DefaultChoices":false,"GradingData":[],"Language":[],"NextAnswerId":1,"NextChoiceId":4,"QuestionDescription":"YOU ARE MAKING A DECISION WHETHER OR NOT TO PARTICIPATE.IF YOU WANT TO PARTICIPATE, PLEASE ENTER...","QuestionJS":"Qualtrics.SurveyEngine.addOnload(function()\n{\n\t\/*Place your JavaScript here to run when the page loads*\/\n\tjQuery(\"<span>${date:\/\/CurrentDate\/SL}<\/span>\").insertAfter(\".SignatureBox \"); \/\/from here: https:\/\/community.qualtrics.com\/XMcommunity\/discussion\/8723\/how-to-add-a-date-stamp-with-signature\n});\n\nQualtrics.SurveyEngine.addOnReady(function()\n{\n\t\/*Place your JavaScript here to run when the page is fully displayed*\/\n\n});\n\nQualtrics.SurveyEngine.addOnUnload(function()\n{\n\t\/*Place your JavaScript here to run when the page is unloaded*\/\n\n});","QuestionText":"<span style=\"font-size:16px;\"><span id=\"docs-internal-guid-1674b397-7fff-4c62-7a9b-f8ec1fd52ff1\"><b>YOU ARE MAKING A DECISION WHETHER OR NOT TO PARTICIPATE. <\/b><br><br><b>IF YOU WANT TO PARTICIPATE, PLEASE ENTER YOUR NAME IN THE TEXT FIELD BELOW, AND START THE SURVEY.<\/b><br><br>Please enter your name.<br><\/span><\/span>","QuestionText_Unsafe":"<span style=\"font-size:16px;\"><span id=\"docs-internal-guid-1674b397-7fff-4c62-7a9b-f8ec1fd52ff1\"><b>YOU ARE MAKING A DECISION WHETHER OR NOT TO PARTICIPATE. <\/b><br><br><b>IF YOU WANT TO PARTICIPATE, PLEASE ENTER YOUR NAME IN THE TEXT FIELD BELOW, AND START THE SURVEY.<\/b><br><br>Please enter your name.<br><\/span><\/span>","QuestionType":"TE","SearchSource":{"AllowFreeResponse":"false"},"Selector":"SL","Validation":{"Settings":{"ForceResponse":"ON","ForceResponseType":"ON","MinChars":"1","Type":"None","ValidDateType":"DateWithFormat","ValidNumber":{"Max":"","Min":"","NumDecimals":""},"ValidPhoneType":"ValidUSPhone","ValidZipType":"ValidUSZip"}},"QuestionID":"QID27"}}]}